// !$*UTF8*$!
{
	archiveVersion = 1;
	classes = {
	};
	objectVersion = 46;
	objects = {

/* Begin PBXBuildFile section */
		106281681E5563B2FED83F72 /* PitchDetectionSmoothingAudioBuffer.cpp in Sources */ = {isa = PBXBuildFile; fileRef = 10628B2FFD73C634F03CC7B0 /* PitchDetectionSmoothingAudioBuffer.cpp */; };
		106282DBBA2270C8633D55F4 /* PitchGraphDrawer.cpp in Sources */ = {isa = PBXBuildFile; fileRef = 10628B957B702DC6C161A6D0 /* PitchGraphDrawer.cpp */; };
		106286EF82715053785E1F06 /* SingerPitchDetection.cpp in Sources */ = {isa = PBXBuildFile; fileRef = 106288B8C1482DF0324AE789 /* SingerPitchDetection.cpp */; };
		1062877EEEEAFF024E60F5D7 /* PianoDrawer.cpp in Sources */ = {isa = PBXBuildFile; fileRef = 106288191F2221EDCECE7EA4 /* PianoDrawer.cpp */; };
		10628786DBDC38E7524C3C23 /* MainViewController.m in Sources */ = {isa = PBXBuildFile; fileRef = 10628FA6CAC3BA12D337D093 /* MainViewController.m */; };
		1062887678542AB36F11CAFB /* TimeUtils.cpp in Sources */ = {isa = PBXBuildFile; fileRef = 10628AEB8EFAA83D2F4564EA /* TimeUtils.cpp */; };
		10628AB2C6E402BC9F64184D /* NSAlert+AlertUtils.m in Sources */ = {isa = PBXBuildFile; fileRef = 10628BD21361CCE663757D1C /* NSAlert+AlertUtils.m */; };
		10628C29AFB8E691B41FCBA6 /* PitchGraphView.mm in Sources */ = {isa = PBXBuildFile; fileRef = 10628CC6E59FD24DBBEAC78F /* PitchGraphView.mm */; };
		10628D622AFAD438A68372AC /* GLSceneDrawer.cpp in Sources */ = {isa = PBXBuildFile; fileRef = 10628B0673304FF90E2FF31F /* GLSceneDrawer.cpp */; };
		10628FD4F0C13D5F84BF3D13 /* NSString+StringUtils.m in Sources */ = {isa = PBXBuildFile; fileRef = 1062895A4CC981402519305B /* NSString+StringUtils.m */; };
		2E7A67C41D8E57AE00DFAF8B /* WAVFile.cpp in Sources */ = {isa = PBXBuildFile; fileRef = 2E7A67C01D8E57AE00DFAF8B /* WAVFile.cpp */; };
		2E7A67C51D8E57AE00DFAF8B /* WavFileAudioInputReader.cpp in Sources */ = {isa = PBXBuildFile; fileRef = 2E7A67C21D8E57AE00DFAF8B /* WavFileAudioInputReader.cpp */; };
		2EDCC6BD1DB432E40086A6CE /* WavBufferReader.cpp in Sources */ = {isa = PBXBuildFile; fileRef = 2EDCC6B61DB432E40086A6CE /* WavBufferReader.cpp */; };
		2EDCC6BE1DB432E40086A6CE /* WavFilePitchesReader.cpp in Sources */ = {isa = PBXBuildFile; fileRef = 2EDCC6B81DB432E40086A6CE /* WavFilePitchesReader.cpp */; };
		2EDCC6BF1DB432E40086A6CE /* YinPitchDetector.cpp in Sources */ = {isa = PBXBuildFile; fileRef = 2EDCC6BA1DB432E40086A6CE /* YinPitchDetector.cpp */; };
		2EF1E8CF1D57F95100E02C33 /* AppDelegate.swift in Sources */ = {isa = PBXBuildFile; fileRef = 2EF1E8CE1D57F95100E02C33 /* AppDelegate.swift */; };
		2EF1E8D31D57F95100E02C33 /* Assets.xcassets in Resources */ = {isa = PBXBuildFile; fileRef = 2EF1E8D21D57F95100E02C33 /* Assets.xcassets */; };
		2EF1E8D61D57F95100E02C33 /* Main.storyboard in Resources */ = {isa = PBXBuildFile; fileRef = 2EF1E8D41D57F95100E02C33 /* Main.storyboard */; };
		2EF1E99F1D592EC100E02C33 /* CMakeLists.txt in Resources */ = {isa = PBXBuildFile; fileRef = 2EF1E9971D592EC100E02C33 /* CMakeLists.txt */; };
		2EF1E9A11D592EC100E02C33 /* Pitch.cpp in Sources */ = {isa = PBXBuildFile; fileRef = 2EF1E9991D592EC100E02C33 /* Pitch.cpp */; };
		2EF1E9A21D592EC100E02C33 /* PitchInputReader.cpp in Sources */ = {isa = PBXBuildFile; fileRef = 2EF1E99B1D592EC100E02C33 /* PitchInputReader.cpp */; };
		2EF1E9A31D592EC100E02C33 /* tests in Resources */ = {isa = PBXBuildFile; fileRef = 2EF1E99D1D592EC100E02C33 /* tests */; };
		2EF1E9A91D592F1600E02C33 /* AudoInputReader.cpp in Sources */ = {isa = PBXBuildFile; fileRef = 2EF1E9941D592EC100E02C33 /* AudoInputReader.cpp */; };
		54CCB92720854CB3009639AD /* MidiFileTest.cpp in Sources */ = {isa = PBXBuildFile; fileRef = 54CCB92620854CB3009639AD /* MidiFileTest.cpp */; };
		54CCB928208551A2009639AD /* Pitch.cpp in Sources */ = {isa = PBXBuildFile; fileRef = 2EF1E9991D592EC100E02C33 /* Pitch.cpp */; };
		54CCB929208551A2009639AD /* VxFile.cpp in Sources */ = {isa = PBXBuildFile; fileRef = C9FFFBD710C1F3DE858A19B5 /* VxFile.cpp */; };
		54CCB92A208551A2009639AD /* Options.cpp in Sources */ = {isa = PBXBuildFile; fileRef = C9FFFB62B47690E086FA2F2D /* Options.cpp */; };
		54CCB92B208551A2009639AD /* MidiMessage.cpp in Sources */ = {isa = PBXBuildFile; fileRef = C9FFFB1C83043889B4C74223 /* MidiMessage.cpp */; };
		54CCB92C208551A2009639AD /* MidiFile.cpp in Sources */ = {isa = PBXBuildFile; fileRef = C9FFF1E4F9CFE2324A18F83D /* MidiFile.cpp */; };
		54CCB92D208551A2009639AD /* MidiEventList.cpp in Sources */ = {isa = PBXBuildFile; fileRef = C9FFFF63DF93064D05413294 /* MidiEventList.cpp */; };
		54CCB92E208551A2009639AD /* MidiEvent.cpp in Sources */ = {isa = PBXBuildFile; fileRef = C9FFF9C3A05CC2DBEF0526B6 /* MidiEvent.cpp */; };
		54CCB92F208551A2009639AD /* Binasc.cpp in Sources */ = {isa = PBXBuildFile; fileRef = C9FFF0789AD2038BA3DA38A5 /* Binasc.cpp */; };
		54CCB930208551A2009639AD /* MidiTrack.cpp in Sources */ = {isa = PBXBuildFile; fileRef = C9FFFCB360CEFC7173BF1492 /* MidiTrack.cpp */; };
		54CCB931208551A2009639AD /* MidiFileReader.cpp in Sources */ = {isa = PBXBuildFile; fileRef = C9FFFA4AD1B24E2B29267701 /* MidiFileReader.cpp */; };
		54CCB932208552DC009639AD /* GetSf2FilePath.mm in Sources */ = {isa = PBXBuildFile; fileRef = C9FFF5D6CB0CEACB514B6CCE /* GetSf2FilePath.mm */; };
		54CCB933208552FB009639AD /* PitchDetectionSmoothingAudioBuffer.cpp in Sources */ = {isa = PBXBuildFile; fileRef = 10628B2FFD73C634F03CC7B0 /* PitchDetectionSmoothingAudioBuffer.cpp */; };
		54CCB9342085531F009639AD /* WAVFile.cpp in Sources */ = {isa = PBXBuildFile; fileRef = 2E7A67C01D8E57AE00DFAF8B /* WAVFile.cpp */; };
		C9FFF038BC9107AE07369791 /* AlgorithmsTest.cpp in Sources */ = {isa = PBXBuildFile; fileRef = C9FFF49EDE81D0B46952137F /* AlgorithmsTest.cpp */; };
		C9FFF0408858AAFAB5542709 /* MidiEventList.cpp in Sources */ = {isa = PBXBuildFile; fileRef = C9FFFF63DF93064D05413294 /* MidiEventList.cpp */; };
		C9FFF051780243EF07304B84 /* 1.vx in Resources */ = {isa = PBXBuildFile; fileRef = C9FFFDD798D0EB7C53086DD3 /* 1.vx */; };
		C9FFF09DC78A783FDD0F5A3B /* a.sf2 in Resources */ = {isa = PBXBuildFile; fileRef = C9FFFEF6E23B96974A519665 /* a.sf2 */; };
		C9FFF0C3BC65E9F88000F019 /* MvxPlayer.cpp in Sources */ = {isa = PBXBuildFile; fileRef = C9FFF12A4E0AAAD8E783983E /* MvxPlayer.cpp */; };
		C9FFF1454B1B19FD66D82BE7 /* LICENSE.txt in Resources */ = {isa = PBXBuildFile; fileRef = C9FFFFC2EAB3D64E9E8BCC71 /* LICENSE.txt */; };
		C9FFF29A2778D812DD86DAD9 /* PitchDetectionSmoothingBufferTest.cpp in Sources */ = {isa = PBXBuildFile; fileRef = C9FFFB1B7C3F160B173A4071 /* PitchDetectionSmoothingBufferTest.cpp */; };
		C9FFF3994C66634963735E68 /* GetSf2FilePath.mm in Sources */ = {isa = PBXBuildFile; fileRef = C9FFF5D6CB0CEACB514B6CCE /* GetSf2FilePath.mm */; };
		C9FFF428255BE42EB50BBBD7 /* GeometryUtilsTest.cpp in Sources */ = {isa = PBXBuildFile; fileRef = C9FFFE55AF6D32018F3AB842 /* GeometryUtilsTest.cpp */; };
		C9FFF4B18FE6B96EF2809623 /* VxFile.cpp in Sources */ = {isa = PBXBuildFile; fileRef = C9FFFBD710C1F3DE858A19B5 /* VxFile.cpp */; };
		C9FFF55D72509AEB32441277 /* MidiTrack.cpp in Sources */ = {isa = PBXBuildFile; fileRef = C9FFFCB360CEFC7173BF1492 /* MidiTrack.cpp */; };
		C9FFF7AE7C2048B9BE210E7C /* MidiEvent.cpp in Sources */ = {isa = PBXBuildFile; fileRef = C9FFF9C3A05CC2DBEF0526B6 /* MidiEvent.cpp */; };
		C9FFF872E56D467F24FAEC7B /* MidiFile.cpp in Sources */ = {isa = PBXBuildFile; fileRef = C9FFF1E4F9CFE2324A18F83D /* MidiFile.cpp */; };
		C9FFF9E99BD59AA43EE09CE7 /* Options.cpp in Sources */ = {isa = PBXBuildFile; fileRef = C9FFFB62B47690E086FA2F2D /* Options.cpp */; };
		C9FFFB8AC795FE59874A01F4 /* VxFileTests.cpp in Sources */ = {isa = PBXBuildFile; fileRef = C9FFFCBC01CCBEA7B458BB66 /* VxFileTests.cpp */; };
		C9FFFBDE33761CD24C30F32D /* Binasc.cpp in Sources */ = {isa = PBXBuildFile; fileRef = C9FFF0789AD2038BA3DA38A5 /* Binasc.cpp */; };
		C9FFFCCC2A217925D1F6324B /* PitchTest.cpp in Sources */ = {isa = PBXBuildFile; fileRef = C9FFF8FE4DFBA5720805C7E3 /* PitchTest.cpp */; };
		C9FFFD0B153AE4CF499D8D66 /* SynchronizedCallbacksQueue.cpp in Sources */ = {isa = PBXBuildFile; fileRef = C9FFF2E6D7DC2EC87198D5C0 /* SynchronizedCallbacksQueue.cpp */; };
		C9FFFD774C6820880CA2EF69 /* MidiFileReader.cpp in Sources */ = {isa = PBXBuildFile; fileRef = C9FFFA4AD1B24E2B29267701 /* MidiFileReader.cpp */; };
		C9FFFE752940964F501E6446 /* MvxFileWriter.cpp in Sources */ = {isa = PBXBuildFile; fileRef = C9FFF08E11535354E15CC819 /* MvxFileWriter.cpp */; };
		C9FFFEB3BFD86EDFAD0BB4EA /* AudioUtils.cpp in Sources */ = {isa = PBXBuildFile; fileRef = C9FFF0A71BF842FC6C348D0C /* AudioUtils.cpp */; };
		C9FFFF0EE051E053AD0F4F27 /* AudioPlayer.mm in Sources */ = {isa = PBXBuildFile; fileRef = C9FFFBE238D301064F720BAA /* AudioPlayer.mm */; settings = {COMPILER_FLAGS = "-fno-objc-arc"; }; };
		C9FFFF17382758D3A423FB58 /* melody.mid in Resources */ = {isa = PBXBuildFile; fileRef = C9FFF0A770C7C4A877771027 /* melody.mid */; };
		C9FFFF6EF20C43D77E8EC6EC /* MidiMessage.cpp in Sources */ = {isa = PBXBuildFile; fileRef = C9FFFB1C83043889B4C74223 /* MidiMessage.cpp */; };
		C9FFFF997CA683A1DB6EBCC3 /* yo.mp3 in Resources */ = {isa = PBXBuildFile; fileRef = C9FFFD475B0D84AA60E1A314 /* yo.mp3 */; };
		C9FFFFA05630CAB959DB47F5 /* StringsTest.cpp in Sources */ = {isa = PBXBuildFile; fileRef = C9FFF6F024954CC62D511B38 /* StringsTest.cpp */; };
/* End PBXBuildFile section */

/* Begin PBXCopyFilesBuildPhase section */
		2EF1E96D1D580BB200E02C33 /* Embed Frameworks */ = {
			isa = PBXCopyFilesBuildPhase;
			buildActionMask = 2147483647;
			dstPath = "";
			dstSubfolderSpec = 10;
			files = (
			);
			name = "Embed Frameworks";
			runOnlyForDeploymentPostprocessing = 0;
		};
		54CCB91C20854C96009639AD /* CopyFiles */ = {
			isa = PBXCopyFilesBuildPhase;
			buildActionMask = 2147483647;
			dstPath = /usr/share/man/man1/;
			dstSubfolderSpec = 0;
			files = (
			);
			runOnlyForDeploymentPostprocessing = 1;
		};
/* End PBXCopyFilesBuildPhase section */

/* Begin PBXFileReference section */
		106282146C92924DCFFDA043 /* PitchGraphDrawer.h */ = {isa = PBXFileReference; fileEncoding = 4; lastKnownFileType = sourcecode.c.h; path = PitchGraphDrawer.h; sourceTree = "<group>"; };
		106283B54F8B2F436C5B7D9F /* GLSceneDrawer.h */ = {isa = PBXFileReference; fileEncoding = 4; lastKnownFileType = sourcecode.c.h; path = GLSceneDrawer.h; sourceTree = "<group>"; };
		1062863543FF8E030543FC94 /* PitchDetectionSmoothingAudioBuffer.h */ = {isa = PBXFileReference; fileEncoding = 4; lastKnownFileType = sourcecode.c.h; name = PitchDetectionSmoothingAudioBuffer.h; path = PitchDetection/PitchDetectionSmoothingAudioBuffer.h; sourceTree = "<group>"; };
		106287650D7D8E8465C5F871 /* DrawConstants.h */ = {isa = PBXFileReference; fileEncoding = 4; lastKnownFileType = sourcecode.c.h; path = DrawConstants.h; sourceTree = "<group>"; };
		106287AD54960ADE2E597BB7 /* PitchGraphView.h */ = {isa = PBXFileReference; fileEncoding = 4; lastKnownFileType = sourcecode.c.h; path = PitchGraphView.h; sourceTree = "<group>"; };
		106288191F2221EDCECE7EA4 /* PianoDrawer.cpp */ = {isa = PBXFileReference; fileEncoding = 4; lastKnownFileType = sourcecode.cpp.cpp; path = PianoDrawer.cpp; sourceTree = "<group>"; };
		1062882FF5EA6AD3618BC4E8 /* PianoDrawer.h */ = {isa = PBXFileReference; fileEncoding = 4; lastKnownFileType = sourcecode.c.h; path = PianoDrawer.h; sourceTree = "<group>"; };
		106288B8C1482DF0324AE789 /* SingerPitchDetection.cpp */ = {isa = PBXFileReference; fileEncoding = 4; lastKnownFileType = sourcecode.cpp.cpp; path = SingerPitchDetection.cpp; sourceTree = "<group>"; };
		1062895A4CC981402519305B /* NSString+StringUtils.m */ = {isa = PBXFileReference; fileEncoding = 4; lastKnownFileType = sourcecode.c.objc; path = "NSString+StringUtils.m"; sourceTree = "<group>"; };
		10628A3DB6D60988F7EF0386 /* CircularBuffer.h */ = {isa = PBXFileReference; fileEncoding = 4; lastKnownFileType = sourcecode.c.h; name = CircularBuffer.h; path = PitchDetection/CppUtils/CircularBuffer.h; sourceTree = "<group>"; };
		10628A440894814F3B6A4FEA /* GeometryUtils.h */ = {isa = PBXFileReference; fileEncoding = 4; lastKnownFileType = sourcecode.c.h; name = GeometryUtils.h; path = PitchDetection/CppUtils/GeometryUtils.h; sourceTree = "<group>"; };
		10628AEB8EFAA83D2F4564EA /* TimeUtils.cpp */ = {isa = PBXFileReference; fileEncoding = 4; lastKnownFileType = sourcecode.cpp.cpp; name = TimeUtils.cpp; path = PitchDetection/CppUtils/TimeUtils.cpp; sourceTree = "<group>"; };
		10628B0673304FF90E2FF31F /* GLSceneDrawer.cpp */ = {isa = PBXFileReference; fileEncoding = 4; lastKnownFileType = sourcecode.cpp.cpp; path = GLSceneDrawer.cpp; sourceTree = "<group>"; };
		10628B2FFD73C634F03CC7B0 /* PitchDetectionSmoothingAudioBuffer.cpp */ = {isa = PBXFileReference; fileEncoding = 4; lastKnownFileType = sourcecode.cpp.cpp; name = PitchDetectionSmoothingAudioBuffer.cpp; path = PitchDetection/PitchDetectionSmoothingAudioBuffer.cpp; sourceTree = "<group>"; };
		10628B957B702DC6C161A6D0 /* PitchGraphDrawer.cpp */ = {isa = PBXFileReference; fileEncoding = 4; lastKnownFileType = sourcecode.cpp.cpp; path = PitchGraphDrawer.cpp; sourceTree = "<group>"; };
		10628BD21361CCE663757D1C /* NSAlert+AlertUtils.m */ = {isa = PBXFileReference; fileEncoding = 4; lastKnownFileType = sourcecode.c.objc; path = "NSAlert+AlertUtils.m"; sourceTree = "<group>"; };
		10628CC6E59FD24DBBEAC78F /* PitchGraphView.mm */ = {isa = PBXFileReference; fileEncoding = 4; lastKnownFileType = sourcecode.cpp.objcpp; path = PitchGraphView.mm; sourceTree = "<group>"; };
		10628CD8AFBF8E3AC1A10E6A /* NSAlert+AlertUtils.h */ = {isa = PBXFileReference; fileEncoding = 4; lastKnownFileType = sourcecode.c.h; path = "NSAlert+AlertUtils.h"; sourceTree = "<group>"; };
		10628E2960377E84F59F41F0 /* stlassert.h */ = {isa = PBXFileReference; fileEncoding = 4; lastKnownFileType = sourcecode.c.h; name = stlassert.h; path = PitchDetection/CppUtils/stlassert.h; sourceTree = "<group>"; };
		10628EE91D6AB3F8ABA54268 /* SingerPitchDetection.h */ = {isa = PBXFileReference; fileEncoding = 4; lastKnownFileType = sourcecode.c.h; path = SingerPitchDetection.h; sourceTree = "<group>"; };
		10628F00AB8135BF2B435BAC /* NSString+StringUtils.h */ = {isa = PBXFileReference; fileEncoding = 4; lastKnownFileType = sourcecode.c.h; path = "NSString+StringUtils.h"; sourceTree = "<group>"; };
		10628FA6CAC3BA12D337D093 /* MainViewController.m */ = {isa = PBXFileReference; fileEncoding = 4; lastKnownFileType = sourcecode.c.objc; path = MainViewController.m; sourceTree = "<group>"; };
		10628FE3AEE2CC419D4F59CD /* TimeUtils.h */ = {isa = PBXFileReference; fileEncoding = 4; lastKnownFileType = sourcecode.c.h; name = TimeUtils.h; path = PitchDetection/CppUtils/TimeUtils.h; sourceTree = "<group>"; };
		10628FEE388BA8402590A69F /* MainViewController.h */ = {isa = PBXFileReference; fileEncoding = 4; lastKnownFileType = sourcecode.c.h; path = MainViewController.h; sourceTree = "<group>"; };
		2E7A67C01D8E57AE00DFAF8B /* WAVFile.cpp */ = {isa = PBXFileReference; fileEncoding = 4; lastKnownFileType = sourcecode.cpp.cpp; name = WAVFile.cpp; path = PitchDetection/WAVFile.cpp; sourceTree = "<group>"; };
		2E7A67C11D8E57AE00DFAF8B /* WAVFile.h */ = {isa = PBXFileReference; fileEncoding = 4; lastKnownFileType = sourcecode.c.h; name = WAVFile.h; path = PitchDetection/WAVFile.h; sourceTree = "<group>"; };
		2E7A67C21D8E57AE00DFAF8B /* WavFileAudioInputReader.cpp */ = {isa = PBXFileReference; fileEncoding = 4; lastKnownFileType = sourcecode.cpp.cpp; name = WavFileAudioInputReader.cpp; path = PitchDetection/WavFileAudioInputReader.cpp; sourceTree = "<group>"; };
		2E7A67C31D8E57AE00DFAF8B /* WavFileAudioInputReader.h */ = {isa = PBXFileReference; fileEncoding = 4; lastKnownFileType = sourcecode.c.h; name = WavFileAudioInputReader.h; path = PitchDetection/WavFileAudioInputReader.h; sourceTree = "<group>"; };
		2EDCC6B61DB432E40086A6CE /* WavBufferReader.cpp */ = {isa = PBXFileReference; fileEncoding = 4; lastKnownFileType = sourcecode.cpp.cpp; name = WavBufferReader.cpp; path = PitchDetection/WavBufferReader.cpp; sourceTree = "<group>"; };
		2EDCC6B71DB432E40086A6CE /* WavBufferReader.h */ = {isa = PBXFileReference; fileEncoding = 4; lastKnownFileType = sourcecode.c.h; name = WavBufferReader.h; path = PitchDetection/WavBufferReader.h; sourceTree = "<group>"; };
		2EDCC6B81DB432E40086A6CE /* WavFilePitchesReader.cpp */ = {isa = PBXFileReference; fileEncoding = 4; lastKnownFileType = sourcecode.cpp.cpp; name = WavFilePitchesReader.cpp; path = PitchDetection/WavFilePitchesReader.cpp; sourceTree = "<group>"; };
		2EDCC6B91DB432E40086A6CE /* WavFilePitchesReader.h */ = {isa = PBXFileReference; fileEncoding = 4; lastKnownFileType = sourcecode.c.h; name = WavFilePitchesReader.h; path = PitchDetection/WavFilePitchesReader.h; sourceTree = "<group>"; };
		2EDCC6BA1DB432E40086A6CE /* YinPitchDetector.cpp */ = {isa = PBXFileReference; fileEncoding = 4; lastKnownFileType = sourcecode.cpp.cpp; name = YinPitchDetector.cpp; path = PitchDetection/YinPitchDetector.cpp; sourceTree = "<group>"; };
		2EDCC6BB1DB432E40086A6CE /* YinPitchDetector.h */ = {isa = PBXFileReference; fileEncoding = 4; lastKnownFileType = sourcecode.c.h; name = YinPitchDetector.h; path = PitchDetection/YinPitchDetector.h; sourceTree = "<group>"; };
		2EF1E8CB1D57F95100E02C33 /* VocalTrainer.app */ = {isa = PBXFileReference; explicitFileType = wrapper.application; includeInIndex = 0; path = VocalTrainer.app; sourceTree = BUILT_PRODUCTS_DIR; };
		2EF1E8CE1D57F95100E02C33 /* AppDelegate.swift */ = {isa = PBXFileReference; lastKnownFileType = sourcecode.swift; path = AppDelegate.swift; sourceTree = "<group>"; };
		2EF1E8D21D57F95100E02C33 /* Assets.xcassets */ = {isa = PBXFileReference; lastKnownFileType = folder.assetcatalog; path = Assets.xcassets; sourceTree = "<group>"; };
		2EF1E8D51D57F95100E02C33 /* Base */ = {isa = PBXFileReference; lastKnownFileType = file.storyboard; name = Base; path = Base.lproj/Main.storyboard; sourceTree = "<group>"; };
		2EF1E8D71D57F95100E02C33 /* Info.plist */ = {isa = PBXFileReference; lastKnownFileType = text.plist.xml; path = Info.plist; sourceTree = "<group>"; };
		2EF1E9941D592EC100E02C33 /* AudoInputReader.cpp */ = {isa = PBXFileReference; fileEncoding = 4; lastKnownFileType = sourcecode.cpp.cpp; name = AudoInputReader.cpp; path = PitchDetection/AudoInputReader.cpp; sourceTree = "<group>"; };
		2EF1E9951D592EC100E02C33 /* AudoInputReader.h */ = {isa = PBXFileReference; fileEncoding = 4; lastKnownFileType = sourcecode.c.h; name = AudoInputReader.h; path = PitchDetection/AudoInputReader.h; sourceTree = "<group>"; };
		2EF1E9971D592EC100E02C33 /* CMakeLists.txt */ = {isa = PBXFileReference; fileEncoding = 4; lastKnownFileType = text; name = CMakeLists.txt; path = PitchDetection/CMakeLists.txt; sourceTree = "<group>"; };
		2EF1E9981D592EC100E02C33 /* main.cpp */ = {isa = PBXFileReference; fileEncoding = 4; lastKnownFileType = sourcecode.cpp.cpp; name = main.cpp; path = PitchDetection/main.cpp; sourceTree = "<group>"; };
		2EF1E9991D592EC100E02C33 /* Pitch.cpp */ = {isa = PBXFileReference; fileEncoding = 4; lastKnownFileType = sourcecode.cpp.cpp; name = Pitch.cpp; path = PitchDetection/Pitch.cpp; sourceTree = "<group>"; };
		2EF1E99A1D592EC100E02C33 /* Pitch.h */ = {isa = PBXFileReference; fileEncoding = 4; lastKnownFileType = sourcecode.c.h; name = Pitch.h; path = PitchDetection/Pitch.h; sourceTree = "<group>"; };
		2EF1E99B1D592EC100E02C33 /* PitchInputReader.cpp */ = {isa = PBXFileReference; fileEncoding = 4; lastKnownFileType = sourcecode.cpp.cpp; name = PitchInputReader.cpp; path = PitchDetection/PitchInputReader.cpp; sourceTree = "<group>"; };
		2EF1E99C1D592EC100E02C33 /* PitchInputReader.h */ = {isa = PBXFileReference; fileEncoding = 4; lastKnownFileType = sourcecode.c.h; name = PitchInputReader.h; path = PitchDetection/PitchInputReader.h; sourceTree = "<group>"; };
		2EF1E99D1D592EC100E02C33 /* tests */ = {isa = PBXFileReference; lastKnownFileType = folder; name = tests; path = PitchDetection/tests; sourceTree = "<group>"; };
		54CCB91E20854C96009639AD /* VocalTrainerTests */ = {isa = PBXFileReference; explicitFileType = "compiled.mach-o.executable"; includeInIndex = 0; path = VocalTrainerTests; sourceTree = BUILT_PRODUCTS_DIR; };
		54CCB92520854CB3009639AD /* catch.hpp */ = {isa = PBXFileReference; fileEncoding = 4; lastKnownFileType = sourcecode.cpp.h; path = catch.hpp; sourceTree = "<group>"; };
		54CCB92620854CB3009639AD /* MidiFileTest.cpp */ = {isa = PBXFileReference; fileEncoding = 4; lastKnownFileType = sourcecode.cpp.cpp; path = MidiFileTest.cpp; sourceTree = "<group>"; };
		C9FFF03538CD42ED89CD354D /* Options.h */ = {isa = PBXFileReference; fileEncoding = 4; lastKnownFileType = sourcecode.c.h; path = Options.h; sourceTree = "<group>"; };
		C9FFF0789AD2038BA3DA38A5 /* Binasc.cpp */ = {isa = PBXFileReference; fileEncoding = 4; lastKnownFileType = sourcecode.cpp.cpp; path = Binasc.cpp; sourceTree = "<group>"; };
		C9FFF08E11535354E15CC819 /* MvxFileWriter.cpp */ = {isa = PBXFileReference; fileEncoding = 4; lastKnownFileType = sourcecode.cpp.cpp; path = MvxFileWriter.cpp; sourceTree = "<group>"; };
		C9FFF0A71BF842FC6C348D0C /* AudioUtils.cpp */ = {isa = PBXFileReference; fileEncoding = 4; lastKnownFileType = sourcecode.cpp.cpp; name = AudioUtils.cpp; path = PitchDetection/AudioUtils.cpp; sourceTree = "<group>"; };
		C9FFF0A770C7C4A877771027 /* melody.mid */ = {isa = PBXFileReference; lastKnownFileType = audio.midi; path = melody.mid; sourceTree = "<group>"; };
		C9FFF12A4E0AAAD8E783983E /* MvxPlayer.cpp */ = {isa = PBXFileReference; fileEncoding = 4; lastKnownFileType = sourcecode.cpp.cpp; path = MvxPlayer.cpp; sourceTree = "<group>"; };
		C9FFF15878C9F431873450CF /* Strings.h */ = {isa = PBXFileReference; fileEncoding = 4; lastKnownFileType = sourcecode.c.h; name = Strings.h; path = PitchDetection/CppUtils/Strings.h; sourceTree = "<group>"; };
		C9FFF1E4F9CFE2324A18F83D /* MidiFile.cpp */ = {isa = PBXFileReference; fileEncoding = 4; lastKnownFileType = sourcecode.cpp.cpp; path = MidiFile.cpp; sourceTree = "<group>"; };
		C9FFF28F2B5B96F80B0C1DE4 /* MidiNote.h */ = {isa = PBXFileReference; fileEncoding = 4; lastKnownFileType = sourcecode.c.h; path = MidiNote.h; sourceTree = "<group>"; };
		C9FFF2C1458C26895482B3AD /* MidiTrack.h */ = {isa = PBXFileReference; fileEncoding = 4; lastKnownFileType = sourcecode.c.h; path = MidiTrack.h; sourceTree = "<group>"; };
		C9FFF2E6D7DC2EC87198D5C0 /* SynchronizedCallbacksQueue.cpp */ = {isa = PBXFileReference; fileEncoding = 4; lastKnownFileType = sourcecode.cpp.cpp; name = SynchronizedCallbacksQueue.cpp; path = PitchDetection/CppUtils/SynchronizedCallbacksQueue.cpp; sourceTree = "<group>"; };
		C9FFF3A0BB69C8E7F02351A6 /* tsf.h */ = {isa = PBXFileReference; fileEncoding = 4; lastKnownFileType = sourcecode.c.h; path = tsf.h; sourceTree = "<group>"; };
		C9FFF4438A5117D6C219CAAA /* Streams.h */ = {isa = PBXFileReference; fileEncoding = 4; lastKnownFileType = sourcecode.c.h; name = Streams.h; path = PitchDetection/CppUtils/Streams.h; sourceTree = "<group>"; };
		C9FFF460C4A9ADFB00392E76 /* MidiMessage.h */ = {isa = PBXFileReference; fileEncoding = 4; lastKnownFileType = sourcecode.c.h; path = MidiMessage.h; sourceTree = "<group>"; };
		C9FFF49EDE81D0B46952137F /* AlgorithmsTest.cpp */ = {isa = PBXFileReference; fileEncoding = 4; lastKnownFileType = sourcecode.cpp.cpp; name = AlgorithmsTest.cpp; path = PitchDetection/CppUtils/tests/AlgorithmsTest.cpp; sourceTree = SOURCE_ROOT; };
		C9FFF523E4CAB6655C922543 /* VxLyricsInterval.h */ = {isa = PBXFileReference; fileEncoding = 4; lastKnownFileType = sourcecode.c.h; path = VxLyricsInterval.h; sourceTree = "<group>"; };
		C9FFF56C3AAB87110FBA08F2 /* VxPitch.h */ = {isa = PBXFileReference; fileEncoding = 4; lastKnownFileType = sourcecode.c.h; path = VxPitch.h; sourceTree = "<group>"; };
		C9FFF594ADB2309B5CA2334F /* MidiFile.h */ = {isa = PBXFileReference; fileEncoding = 4; lastKnownFileType = sourcecode.c.h; path = MidiFile.h; sourceTree = "<group>"; };
		C9FFF5D6CB0CEACB514B6CCE /* GetSf2FilePath.mm */ = {isa = PBXFileReference; fileEncoding = 4; lastKnownFileType = sourcecode.cpp.objcpp; path = GetSf2FilePath.mm; sourceTree = "<group>"; };
		C9FFF6F024954CC62D511B38 /* StringsTest.cpp */ = {isa = PBXFileReference; fileEncoding = 4; lastKnownFileType = sourcecode.cpp.cpp; name = StringsTest.cpp; path = PitchDetection/CppUtils/tests/StringsTest.cpp; sourceTree = SOURCE_ROOT; };
		C9FFF8263643024E19C9E8FC /* MidiEventList.h */ = {isa = PBXFileReference; fileEncoding = 4; lastKnownFileType = sourcecode.c.h; path = MidiEventList.h; sourceTree = "<group>"; };
		C9FFF8FE4DFBA5720805C7E3 /* PitchTest.cpp */ = {isa = PBXFileReference; fileEncoding = 4; lastKnownFileType = sourcecode.cpp.cpp; name = PitchTest.cpp; path = PitchDetection/tests/PitchTest.cpp; sourceTree = SOURCE_ROOT; };
		C9FFF96387DAC07E60D1628B /* AudioUtils.h */ = {isa = PBXFileReference; fileEncoding = 4; lastKnownFileType = sourcecode.c.h; name = AudioUtils.h; path = PitchDetection/AudioUtils.h; sourceTree = "<group>"; };
		C9FFF970D73B55602129A70F /* MvxPlayer.h */ = {isa = PBXFileReference; fileEncoding = 4; lastKnownFileType = sourcecode.c.h; path = MvxPlayer.h; sourceTree = "<group>"; };
		C9FFF9C3A05CC2DBEF0526B6 /* MidiEvent.cpp */ = {isa = PBXFileReference; fileEncoding = 4; lastKnownFileType = sourcecode.cpp.cpp; path = MidiEvent.cpp; sourceTree = "<group>"; };
		C9FFF9D3C242FFC9A4D440C7 /* VxFile.h */ = {isa = PBXFileReference; fileEncoding = 4; lastKnownFileType = sourcecode.c.h; path = VxFile.h; sourceTree = "<group>"; };
		C9FFFA4AD1B24E2B29267701 /* MidiFileReader.cpp */ = {isa = PBXFileReference; fileEncoding = 4; lastKnownFileType = sourcecode.cpp.cpp; path = MidiFileReader.cpp; sourceTree = "<group>"; };
		C9FFFA9518C7A5D30F693B87 /* Primitives.h */ = {isa = PBXFileReference; fileEncoding = 4; lastKnownFileType = sourcecode.c.h; name = Primitives.h; path = PitchDetection/CppUtils/Primitives.h; sourceTree = "<group>"; };
		C9FFFAC7E81807A213548C10 /* MvxFileWriter.h */ = {isa = PBXFileReference; fileEncoding = 4; lastKnownFileType = sourcecode.c.h; path = MvxFileWriter.h; sourceTree = "<group>"; };
		C9FFFB1B7C3F160B173A4071 /* PitchDetectionSmoothingBufferTest.cpp */ = {isa = PBXFileReference; fileEncoding = 4; lastKnownFileType = sourcecode.cpp.cpp; name = PitchDetectionSmoothingBufferTest.cpp; path = PitchDetection/tests/PitchDetectionSmoothingBufferTest.cpp; sourceTree = SOURCE_ROOT; };
		C9FFFB1C83043889B4C74223 /* MidiMessage.cpp */ = {isa = PBXFileReference; fileEncoding = 4; lastKnownFileType = sourcecode.cpp.cpp; path = MidiMessage.cpp; sourceTree = "<group>"; };
		C9FFFB3B098FE9936E35A06E /* SynchronizedCallbacksQueue.h */ = {isa = PBXFileReference; fileEncoding = 4; lastKnownFileType = sourcecode.c.h; name = SynchronizedCallbacksQueue.h; path = PitchDetection/CppUtils/SynchronizedCallbacksQueue.h; sourceTree = "<group>"; };
		C9FFFB62B47690E086FA2F2D /* Options.cpp */ = {isa = PBXFileReference; fileEncoding = 4; lastKnownFileType = sourcecode.cpp.cpp; path = Options.cpp; sourceTree = "<group>"; };
		C9FFFBCE6261AC60FFBF3B9F /* MidiEvent.h */ = {isa = PBXFileReference; fileEncoding = 4; lastKnownFileType = sourcecode.c.h; path = MidiEvent.h; sourceTree = "<group>"; };
		C9FFFBD710C1F3DE858A19B5 /* VxFile.cpp */ = {isa = PBXFileReference; fileEncoding = 4; lastKnownFileType = sourcecode.cpp.cpp; path = VxFile.cpp; sourceTree = "<group>"; };
		C9FFFBE238D301064F720BAA /* AudioPlayer.mm */ = {isa = PBXFileReference; fileEncoding = 4; lastKnownFileType = sourcecode.cpp.objcpp; path = AudioPlayer.mm; sourceTree = "<group>"; };
		C9FFFC6D53C891B61A3E964C /* Binasc.h */ = {isa = PBXFileReference; fileEncoding = 4; lastKnownFileType = sourcecode.c.h; path = Binasc.h; sourceTree = "<group>"; };
		C9FFFCB360CEFC7173BF1492 /* MidiTrack.cpp */ = {isa = PBXFileReference; fileEncoding = 4; lastKnownFileType = sourcecode.cpp.cpp; path = MidiTrack.cpp; sourceTree = "<group>"; };
		C9FFFCBC01CCBEA7B458BB66 /* VxFileTests.cpp */ = {isa = PBXFileReference; fileEncoding = 4; lastKnownFileType = sourcecode.cpp.cpp; path = VxFileTests.cpp; sourceTree = "<group>"; };
		C9FFFCD76FEB1522C118489D /* MidiFileReader.h */ = {isa = PBXFileReference; fileEncoding = 4; lastKnownFileType = sourcecode.c.h; path = MidiFileReader.h; sourceTree = "<group>"; };
		C9FFFD475B0D84AA60E1A314 /* yo.mp3 */ = {isa = PBXFileReference; lastKnownFileType = audio.mp3; path = yo.mp3; sourceTree = "<group>"; };
		C9FFFDD798D0EB7C53086DD3 /* 1.vx */ = {isa = PBXFileReference; lastKnownFileType = file.vx; path = 1.vx; sourceTree = "<group>"; };
		C9FFFDF76019B54B1A20A866 /* AudioPlayer.h */ = {isa = PBXFileReference; fileEncoding = 4; lastKnownFileType = sourcecode.c.h; path = AudioPlayer.h; sourceTree = "<group>"; };
		C9FFFDFA5FE4750E603649E8 /* GetSf2FilePath.h */ = {isa = PBXFileReference; fileEncoding = 4; lastKnownFileType = sourcecode.c.h; path = GetSf2FilePath.h; sourceTree = "<group>"; };
		C9FFFE55AF6D32018F3AB842 /* GeometryUtilsTest.cpp */ = {isa = PBXFileReference; fileEncoding = 4; lastKnownFileType = sourcecode.cpp.cpp; name = GeometryUtilsTest.cpp; path = PitchDetection/CppUtils/tests/GeometryUtilsTest.cpp; sourceTree = SOURCE_ROOT; };
		C9FFFE67C10A6A65023BE764 /* Algorithms.h */ = {isa = PBXFileReference; fileEncoding = 4; lastKnownFileType = sourcecode.c.h; name = Algorithms.h; path = PitchDetection/CppUtils/Algorithms.h; sourceTree = "<group>"; };
		C9FFFEF6E23B96974A519665 /* a.sf2 */ = {isa = PBXFileReference; lastKnownFileType = file.sf2; path = a.sf2; sourceTree = "<group>"; };
		C9FFFF63DF93064D05413294 /* MidiEventList.cpp */ = {isa = PBXFileReference; fileEncoding = 4; lastKnownFileType = sourcecode.cpp.cpp; path = MidiEventList.cpp; sourceTree = "<group>"; };
		C9FFFFC2EAB3D64E9E8BCC71 /* LICENSE.txt */ = {isa = PBXFileReference; fileEncoding = 4; lastKnownFileType = text; path = LICENSE.txt; sourceTree = "<group>"; };
/* End PBXFileReference section */

/* Begin PBXFrameworksBuildPhase section */
		2EF1E8C81D57F95100E02C33 /* Frameworks */ = {
			isa = PBXFrameworksBuildPhase;
			buildActionMask = 2147483647;
			files = (
			);
			runOnlyForDeploymentPostprocessing = 0;
		};
		54CCB91B20854C96009639AD /* Frameworks */ = {
			isa = PBXFrameworksBuildPhase;
			buildActionMask = 2147483647;
			files = (
			);
			runOnlyForDeploymentPostprocessing = 0;
		};
/* End PBXFrameworksBuildPhase section */

/* Begin PBXGroup section */
		106283405CA62A3E2D402AAB /* CppUtils */ = {
			isa = PBXGroup;
			children = (
				10628A3DB6D60988F7EF0386 /* CircularBuffer.h */,
				10628E2960377E84F59F41F0 /* stlassert.h */,
				10628AEB8EFAA83D2F4564EA /* TimeUtils.cpp */,
				10628FE3AEE2CC419D4F59CD /* TimeUtils.h */,
				10628A440894814F3B6A4FEA /* GeometryUtils.h */,
				C9FFFE67C10A6A65023BE764 /* Algorithms.h */,
				C9FFF15878C9F431873450CF /* Strings.h */,
				C9FFF2E6D7DC2EC87198D5C0 /* SynchronizedCallbacksQueue.cpp */,
				C9FFFB3B098FE9936E35A06E /* SynchronizedCallbacksQueue.h */,
				C9FFFA9518C7A5D30F693B87 /* Primitives.h */,
				C9FFF4438A5117D6C219CAAA /* Streams.h */,
			);
			name = CppUtils;
			sourceTree = "<group>";
		};
		106289779E14B72C075BE323 /* Utils */ = {
			isa = PBXGroup;
			children = (
				1062895A4CC981402519305B /* NSString+StringUtils.m */,
				10628F00AB8135BF2B435BAC /* NSString+StringUtils.h */,
				10628BD21361CCE663757D1C /* NSAlert+AlertUtils.m */,
				10628CD8AFBF8E3AC1A10E6A /* NSAlert+AlertUtils.h */,
			);
			path = Utils;
			sourceTree = "<group>";
		};
		10628F99ACFB6F50A805A23B /* GLScene */ = {
			isa = PBXGroup;
			children = (
				10628B0673304FF90E2FF31F /* GLSceneDrawer.cpp */,
				106283B54F8B2F436C5B7D9F /* GLSceneDrawer.h */,
				106288191F2221EDCECE7EA4 /* PianoDrawer.cpp */,
				1062882FF5EA6AD3618BC4E8 /* PianoDrawer.h */,
				10628B957B702DC6C161A6D0 /* PitchGraphDrawer.cpp */,
				106282146C92924DCFFDA043 /* PitchGraphDrawer.h */,
				106288B8C1482DF0324AE789 /* SingerPitchDetection.cpp */,
				10628EE91D6AB3F8ABA54268 /* SingerPitchDetection.h */,
				106287650D7D8E8465C5F871 /* DrawConstants.h */,
			);
			path = GLScene;
			sourceTree = "<group>";
		};
		2EF1E8C21D57F95100E02C33 = {
			isa = PBXGroup;
			children = (
				2EF1E9921D592EA700E02C33 /* PitchDetection */,
				2EF1E8CD1D57F95100E02C33 /* VocalTrainer */,
				54CCB91F20854C96009639AD /* VocalTrainerTests */,
				2EF1E8CC1D57F95100E02C33 /* Products */,
				54F6743F20004BD1007A419D /* Frameworks */,
			);
			sourceTree = "<group>";
		};
		2EF1E8CC1D57F95100E02C33 /* Products */ = {
			isa = PBXGroup;
			children = (
				2EF1E8CB1D57F95100E02C33 /* VocalTrainer.app */,
				54CCB91E20854C96009639AD /* VocalTrainerTests */,
			);
			name = Products;
			sourceTree = "<group>";
		};
		2EF1E8CD1D57F95100E02C33 /* VocalTrainer */ = {
			isa = PBXGroup;
			children = (
				2EF1E8CE1D57F95100E02C33 /* AppDelegate.swift */,
				2EF1E8D21D57F95100E02C33 /* Assets.xcassets */,
				2EF1E8D41D57F95100E02C33 /* Main.storyboard */,
				2EF1E8D71D57F95100E02C33 /* Info.plist */,
				10628CC6E59FD24DBBEAC78F /* PitchGraphView.mm */,
				106287AD54960ADE2E597BB7 /* PitchGraphView.h */,
				10628FA6CAC3BA12D337D093 /* MainViewController.m */,
				10628FEE388BA8402590A69F /* MainViewController.h */,
				106289779E14B72C075BE323 /* Utils */,
				10628F99ACFB6F50A805A23B /* GLScene */,
				C9FFF1536A6FDAC558B00F51 /* VxPlayer */,
				C9FFF0A770C7C4A877771027 /* melody.mid */,
			);
			path = VocalTrainer;
			sourceTree = "<group>";
		};
		2EF1E9921D592EA700E02C33 /* PitchDetection */ = {
			isa = PBXGroup;
			children = (
				2EDCC6B61DB432E40086A6CE /* WavBufferReader.cpp */,
				2EDCC6B71DB432E40086A6CE /* WavBufferReader.h */,
				2EDCC6B81DB432E40086A6CE /* WavFilePitchesReader.cpp */,
				2EDCC6B91DB432E40086A6CE /* WavFilePitchesReader.h */,
				2EDCC6BA1DB432E40086A6CE /* YinPitchDetector.cpp */,
				2EDCC6BB1DB432E40086A6CE /* YinPitchDetector.h */,
				2E7A67C01D8E57AE00DFAF8B /* WAVFile.cpp */,
				2E7A67C11D8E57AE00DFAF8B /* WAVFile.h */,
				2E7A67C21D8E57AE00DFAF8B /* WavFileAudioInputReader.cpp */,
				2E7A67C31D8E57AE00DFAF8B /* WavFileAudioInputReader.h */,
				2EF1E9941D592EC100E02C33 /* AudoInputReader.cpp */,
				2EF1E9951D592EC100E02C33 /* AudoInputReader.h */,
				2EF1E9971D592EC100E02C33 /* CMakeLists.txt */,
				2EF1E9981D592EC100E02C33 /* main.cpp */,
				2EF1E9991D592EC100E02C33 /* Pitch.cpp */,
				2EF1E99A1D592EC100E02C33 /* Pitch.h */,
				2EF1E99B1D592EC100E02C33 /* PitchInputReader.cpp */,
				2EF1E99C1D592EC100E02C33 /* PitchInputReader.h */,
				2EF1E99D1D592EC100E02C33 /* tests */,
				10628B2FFD73C634F03CC7B0 /* PitchDetectionSmoothingAudioBuffer.cpp */,
				1062863543FF8E030543FC94 /* PitchDetectionSmoothingAudioBuffer.h */,
				106283405CA62A3E2D402AAB /* CppUtils */,
				C9FFF0A71BF842FC6C348D0C /* AudioUtils.cpp */,
				C9FFF96387DAC07E60D1628B /* AudioUtils.h */,
			);
			name = PitchDetection;
			sourceTree = "<group>";
		};
		54CCB91F20854C96009639AD /* VocalTrainerTests */ = {
			isa = PBXGroup;
			children = (
				54CCB92520854CB3009639AD /* catch.hpp */,
				54CCB92620854CB3009639AD /* MidiFileTest.cpp */,
				C9FFF8FE4DFBA5720805C7E3 /* PitchTest.cpp */,
				C9FFFB1B7C3F160B173A4071 /* PitchDetectionSmoothingBufferTest.cpp */,
				C9FFF49EDE81D0B46952137F /* AlgorithmsTest.cpp */,
				C9FFF6F024954CC62D511B38 /* StringsTest.cpp */,
				C9FFFE55AF6D32018F3AB842 /* GeometryUtilsTest.cpp */,
				C9FFFCBC01CCBEA7B458BB66 /* VxFileTests.cpp */,
			);
			path = VocalTrainerTests;
			sourceTree = "<group>";
		};
		54F6743F20004BD1007A419D /* Frameworks */ = {
			isa = PBXGroup;
			children = (
			);
			name = Frameworks;
			sourceTree = "<group>";
		};
		C9FFF04FFE037E7ED6FE9CCC /* CraigsappMidifile */ = {
			isa = PBXGroup;
			children = (
				C9FFF03538CD42ED89CD354D /* Options.h */,
				C9FFFB62B47690E086FA2F2D /* Options.cpp */,
				C9FFF460C4A9ADFB00392E76 /* MidiMessage.h */,
				C9FFFB1C83043889B4C74223 /* MidiMessage.cpp */,
				C9FFF594ADB2309B5CA2334F /* MidiFile.h */,
				C9FFF1E4F9CFE2324A18F83D /* MidiFile.cpp */,
				C9FFF8263643024E19C9E8FC /* MidiEventList.h */,
				C9FFFF63DF93064D05413294 /* MidiEventList.cpp */,
				C9FFFBCE6261AC60FFBF3B9F /* MidiEvent.h */,
				C9FFF9C3A05CC2DBEF0526B6 /* MidiEvent.cpp */,
				C9FFFFC2EAB3D64E9E8BCC71 /* LICENSE.txt */,
				C9FFFC6D53C891B61A3E964C /* Binasc.h */,
				C9FFF0789AD2038BA3DA38A5 /* Binasc.cpp */,
			);
			path = CraigsappMidifile;
			sourceTree = "<group>";
		};
		C9FFF1536A6FDAC558B00F51 /* VxPlayer */ = {
			isa = PBXGroup;
			children = (
				C9FFF3A0BB69C8E7F02351A6 /* tsf.h */,
				C9FFFBE238D301064F720BAA /* AudioPlayer.mm */,
				C9FFFDF76019B54B1A20A866 /* AudioPlayer.h */,
				C9FFF56C3AAB87110FBA08F2 /* VxPitch.h */,
				C9FFF9D3C242FFC9A4D440C7 /* VxFile.h */,
				C9FFF5D6CB0CEACB514B6CCE /* GetSf2FilePath.mm */,
				C9FFFDFA5FE4750E603649E8 /* GetSf2FilePath.h */,
				C9FFFDD798D0EB7C53086DD3 /* 1.vx */,
				C9FFF12A4E0AAAD8E783983E /* MvxPlayer.cpp */,
				C9FFF970D73B55602129A70F /* MvxPlayer.h */,
				C9FFFBD710C1F3DE858A19B5 /* VxFile.cpp */,
				C9FFF04FFE037E7ED6FE9CCC /* CraigsappMidifile */,
				C9FFF2C1458C26895482B3AD /* MidiTrack.h */,
				C9FFFCB360CEFC7173BF1492 /* MidiTrack.cpp */,
				C9FFF28F2B5B96F80B0C1DE4 /* MidiNote.h */,
				C9FFFCD76FEB1522C118489D /* MidiFileReader.h */,
				C9FFFA4AD1B24E2B29267701 /* MidiFileReader.cpp */,
				C9FFF523E4CAB6655C922543 /* VxLyricsInterval.h */,
				C9FFFEF6E23B96974A519665 /* a.sf2 */,
				C9FFF08E11535354E15CC819 /* MvxFileWriter.cpp */,
				C9FFFAC7E81807A213548C10 /* MvxFileWriter.h */,
				C9FFFD475B0D84AA60E1A314 /* yo.mp3 */,
			);
			path = VxPlayer;
			sourceTree = "<group>";
		};
/* End PBXGroup section */

/* Begin PBXNativeTarget section */
		2EF1E8CA1D57F95100E02C33 /* VocalTrainer */ = {
			isa = PBXNativeTarget;
			buildConfigurationList = 2EF1E8F01D57F95100E02C33 /* Build configuration list for PBXNativeTarget "VocalTrainer" */;
			buildPhases = (
				2EF1E8C71D57F95100E02C33 /* Sources */,
				2EF1E8C81D57F95100E02C33 /* Frameworks */,
				2EF1E8C91D57F95100E02C33 /* Resources */,
				2EF1E96D1D580BB200E02C33 /* Embed Frameworks */,
			);
			buildRules = (
			);
			dependencies = (
			);
			name = VocalTrainer;
			productName = VocalTrainer;
			productReference = 2EF1E8CB1D57F95100E02C33 /* VocalTrainer.app */;
			productType = "com.apple.product-type.application";
		};
		54CCB91D20854C96009639AD /* VocalTrainerTests */ = {
			isa = PBXNativeTarget;
			buildConfigurationList = 54CCB92220854C96009639AD /* Build configuration list for PBXNativeTarget "VocalTrainerTests" */;
			buildPhases = (
				54CCB91A20854C96009639AD /* Sources */,
				54CCB91B20854C96009639AD /* Frameworks */,
				54CCB91C20854C96009639AD /* CopyFiles */,
			);
			buildRules = (
			);
			dependencies = (
			);
			name = VocalTrainerTests;
			productName = VocalTrainerTests;
			productReference = 54CCB91E20854C96009639AD /* VocalTrainerTests */;
			productType = "com.apple.product-type.tool";
		};
/* End PBXNativeTarget section */

/* Begin PBXProject section */
		2EF1E8C31D57F95100E02C33 /* Project object */ = {
			isa = PBXProject;
			attributes = {
				LastSwiftUpdateCheck = 0730;
				LastUpgradeCheck = 0730;
				ORGANIZATIONNAME = Mac;
				TargetAttributes = {
					2EF1E8CA1D57F95100E02C33 = {
						CreatedOnToolsVersion = 7.3.1;
						LastSwiftMigration = 0800;
					};
					54CCB91D20854C96009639AD = {
						CreatedOnToolsVersion = 9.3;
						DevelopmentTeam = PULWZ8FYD5;
						ProvisioningStyle = Automatic;
					};
				};
			};
			buildConfigurationList = 2EF1E8C61D57F95100E02C33 /* Build configuration list for PBXProject "VocalTrainer" */;
			compatibilityVersion = "Xcode 3.2";
			developmentRegion = English;
			hasScannedForEncodings = 0;
			knownRegions = (
				en,
				Base,
			);
			mainGroup = 2EF1E8C21D57F95100E02C33;
			productRefGroup = 2EF1E8CC1D57F95100E02C33 /* Products */;
			projectDirPath = "";
			projectRoot = "";
			targets = (
				2EF1E8CA1D57F95100E02C33 /* VocalTrainer */,
				54CCB91D20854C96009639AD /* VocalTrainerTests */,
			);
		};
/* End PBXProject section */

/* Begin PBXResourcesBuildPhase section */
		2EF1E8C91D57F95100E02C33 /* Resources */ = {
			isa = PBXResourcesBuildPhase;
			buildActionMask = 2147483647;
			files = (
				2EF1E9A31D592EC100E02C33 /* tests in Resources */,
				2EF1E8D31D57F95100E02C33 /* Assets.xcassets in Resources */,
				2EF1E8D61D57F95100E02C33 /* Main.storyboard in Resources */,
				2EF1E99F1D592EC100E02C33 /* CMakeLists.txt in Resources */,
				C9FFF051780243EF07304B84 /* 1.vx in Resources */,
				C9FFF1454B1B19FD66D82BE7 /* LICENSE.txt in Resources */,
				C9FFFF17382758D3A423FB58 /* melody.mid in Resources */,
				C9FFF09DC78A783FDD0F5A3B /* a.sf2 in Resources */,
				C9FFFF997CA683A1DB6EBCC3 /* yo.mp3 in Resources */,
			);
			runOnlyForDeploymentPostprocessing = 0;
		};
/* End PBXResourcesBuildPhase section */

/* Begin PBXSourcesBuildPhase section */
		2EF1E8C71D57F95100E02C33 /* Sources */ = {
			isa = PBXSourcesBuildPhase;
			buildActionMask = 2147483647;
			files = (
				2EF1E9A11D592EC100E02C33 /* Pitch.cpp in Sources */,
				2EDCC6BF1DB432E40086A6CE /* YinPitchDetector.cpp in Sources */,
				2E7A67C41D8E57AE00DFAF8B /* WAVFile.cpp in Sources */,
				2EF1E9A21D592EC100E02C33 /* PitchInputReader.cpp in Sources */,
				2EF1E8CF1D57F95100E02C33 /* AppDelegate.swift in Sources */,
				2EDCC6BE1DB432E40086A6CE /* WavFilePitchesReader.cpp in Sources */,
				2EF1E9A91D592F1600E02C33 /* AudoInputReader.cpp in Sources */,
				2EDCC6BD1DB432E40086A6CE /* WavBufferReader.cpp in Sources */,
				10628C29AFB8E691B41FCBA6 /* PitchGraphView.mm in Sources */,
				2E7A67C51D8E57AE00DFAF8B /* WavFileAudioInputReader.cpp in Sources */,
				10628786DBDC38E7524C3C23 /* MainViewController.m in Sources */,
				10628FD4F0C13D5F84BF3D13 /* NSString+StringUtils.m in Sources */,
				10628AB2C6E402BC9F64184D /* NSAlert+AlertUtils.m in Sources */,
				106281681E5563B2FED83F72 /* PitchDetectionSmoothingAudioBuffer.cpp in Sources */,
				1062887678542AB36F11CAFB /* TimeUtils.cpp in Sources */,
				10628D622AFAD438A68372AC /* GLSceneDrawer.cpp in Sources */,
				1062877EEEEAFF024E60F5D7 /* PianoDrawer.cpp in Sources */,
				106282DBBA2270C8633D55F4 /* PitchGraphDrawer.cpp in Sources */,
				106286EF82715053785E1F06 /* SingerPitchDetection.cpp in Sources */,
				C9FFFEB3BFD86EDFAD0BB4EA /* AudioUtils.cpp in Sources */,
				C9FFFF0EE051E053AD0F4F27 /* AudioPlayer.mm in Sources */,
				C9FFF3994C66634963735E68 /* GetSf2FilePath.mm in Sources */,
				C9FFF0C3BC65E9F88000F019 /* MvxPlayer.cpp in Sources */,
				C9FFFD0B153AE4CF499D8D66 /* SynchronizedCallbacksQueue.cpp in Sources */,
				C9FFF4B18FE6B96EF2809623 /* VxFile.cpp in Sources */,
				C9FFF9E99BD59AA43EE09CE7 /* Options.cpp in Sources */,
				C9FFFF6EF20C43D77E8EC6EC /* MidiMessage.cpp in Sources */,
				C9FFF872E56D467F24FAEC7B /* MidiFile.cpp in Sources */,
				C9FFF0408858AAFAB5542709 /* MidiEventList.cpp in Sources */,
				C9FFF7AE7C2048B9BE210E7C /* MidiEvent.cpp in Sources */,
				C9FFFBDE33761CD24C30F32D /* Binasc.cpp in Sources */,
				C9FFF55D72509AEB32441277 /* MidiTrack.cpp in Sources */,
				C9FFFD774C6820880CA2EF69 /* MidiFileReader.cpp in Sources */,
				C9FFFE752940964F501E6446 /* MvxFileWriter.cpp in Sources */,
			);
			runOnlyForDeploymentPostprocessing = 0;
		};
		54CCB91A20854C96009639AD /* Sources */ = {
			isa = PBXSourcesBuildPhase;
			buildActionMask = 2147483647;
			files = (
				54CCB9342085531F009639AD /* WAVFile.cpp in Sources */,
				54CCB933208552FB009639AD /* PitchDetectionSmoothingAudioBuffer.cpp in Sources */,
				54CCB932208552DC009639AD /* GetSf2FilePath.mm in Sources */,
				54CCB928208551A2009639AD /* Pitch.cpp in Sources */,
				54CCB929208551A2009639AD /* VxFile.cpp in Sources */,
				54CCB92A208551A2009639AD /* Options.cpp in Sources */,
				54CCB92B208551A2009639AD /* MidiMessage.cpp in Sources */,
				54CCB92C208551A2009639AD /* MidiFile.cpp in Sources */,
				54CCB92D208551A2009639AD /* MidiEventList.cpp in Sources */,
				54CCB92E208551A2009639AD /* MidiEvent.cpp in Sources */,
				54CCB92F208551A2009639AD /* Binasc.cpp in Sources */,
				54CCB930208551A2009639AD /* MidiTrack.cpp in Sources */,
				54CCB931208551A2009639AD /* MidiFileReader.cpp in Sources */,
				54CCB92720854CB3009639AD /* MidiFileTest.cpp in Sources */,
				C9FFFCCC2A217925D1F6324B /* PitchTest.cpp in Sources */,
				C9FFF29A2778D812DD86DAD9 /* PitchDetectionSmoothingBufferTest.cpp in Sources */,
				C9FFF038BC9107AE07369791 /* AlgorithmsTest.cpp in Sources */,
				C9FFFFA05630CAB959DB47F5 /* StringsTest.cpp in Sources */,
				C9FFF428255BE42EB50BBBD7 /* GeometryUtilsTest.cpp in Sources */,
				C9FFFB8AC795FE59874A01F4 /* VxFileTests.cpp in Sources */,
			);
			runOnlyForDeploymentPostprocessing = 0;
		};
/* End PBXSourcesBuildPhase section */

/* Begin PBXVariantGroup section */
		2EF1E8D41D57F95100E02C33 /* Main.storyboard */ = {
			isa = PBXVariantGroup;
			children = (
				2EF1E8D51D57F95100E02C33 /* Base */,
			);
			name = Main.storyboard;
			sourceTree = "<group>";
		};
/* End PBXVariantGroup section */

/* Begin XCBuildConfiguration section */
		2EF1E8EE1D57F95100E02C33 /* Debug */ = {
			isa = XCBuildConfiguration;
			buildSettings = {
				ALWAYS_SEARCH_USER_PATHS = NO;
				CLANG_ANALYZER_NONNULL = YES;
				CLANG_CXX_LANGUAGE_STANDARD = "gnu++0x";
				CLANG_CXX_LIBRARY = "libc++";
				CLANG_ENABLE_MODULES = YES;
				CLANG_ENABLE_OBJC_ARC = YES;
				CLANG_WARN_BOOL_CONVERSION = YES;
				CLANG_WARN_CONSTANT_CONVERSION = YES;
				CLANG_WARN_DIRECT_OBJC_ISA_USAGE = YES_ERROR;
				CLANG_WARN_EMPTY_BODY = YES;
				CLANG_WARN_ENUM_CONVERSION = YES;
				CLANG_WARN_INT_CONVERSION = YES;
				CLANG_WARN_OBJC_ROOT_CLASS = YES_ERROR;
				CLANG_WARN_UNREACHABLE_CODE = YES;
				CLANG_WARN__DUPLICATE_METHOD_MATCH = YES;
				CODE_SIGN_IDENTITY = "-";
				COPY_PHASE_STRIP = NO;
				DEBUG_INFORMATION_FORMAT = dwarf;
				ENABLE_STRICT_OBJC_MSGSEND = YES;
				ENABLE_TESTABILITY = YES;
				GCC_C_LANGUAGE_STANDARD = gnu99;
				GCC_DYNAMIC_NO_PIC = NO;
				GCC_NO_COMMON_BLOCKS = YES;
				GCC_OPTIMIZATION_LEVEL = 0;
				GCC_PREPROCESSOR_DEFINITIONS = (
					"DEBUG=1",
					"$(inherited)",
				);
				GCC_VERSION = "";
				GCC_WARN_64_TO_32_BIT_CONVERSION = YES;
				GCC_WARN_ABOUT_RETURN_TYPE = YES_ERROR;
				GCC_WARN_UNDECLARED_SELECTOR = YES;
				GCC_WARN_UNINITIALIZED_AUTOS = YES_AGGRESSIVE;
				GCC_WARN_UNUSED_FUNCTION = YES;
				GCC_WARN_UNUSED_VARIABLE = YES;
				"HEADER_SEARCH_PATHS[arch=*]" = include;
				MACOSX_DEPLOYMENT_TARGET = 10.11;
				MTL_ENABLE_DEBUG_INFO = YES;
				ONLY_ACTIVE_ARCH = YES;
				OTHER_CPLUSPLUSFLAGS = "$(OTHER_CFLAGS)";
				OTHER_LDFLAGS = (
					"-framework",
					AudioToolbox,
					"-framework",
					CoreFoundation,
				);
				SDKROOT = macosx;
				SWIFT_OPTIMIZATION_LEVEL = "-Onone";
				"USER_HEADER_SEARCH_PATHS[arch=*]" = "";
			};
			name = Debug;
		};
		2EF1E8EF1D57F95100E02C33 /* Release */ = {
			isa = XCBuildConfiguration;
			buildSettings = {
				ALWAYS_SEARCH_USER_PATHS = NO;
				CLANG_ANALYZER_NONNULL = YES;
				CLANG_CXX_LANGUAGE_STANDARD = "gnu++0x";
				CLANG_CXX_LIBRARY = "libc++";
				CLANG_ENABLE_MODULES = YES;
				CLANG_ENABLE_OBJC_ARC = YES;
				CLANG_WARN_BOOL_CONVERSION = YES;
				CLANG_WARN_CONSTANT_CONVERSION = YES;
				CLANG_WARN_DIRECT_OBJC_ISA_USAGE = YES_ERROR;
				CLANG_WARN_EMPTY_BODY = YES;
				CLANG_WARN_ENUM_CONVERSION = YES;
				CLANG_WARN_INT_CONVERSION = YES;
				CLANG_WARN_OBJC_ROOT_CLASS = YES_ERROR;
				CLANG_WARN_UNREACHABLE_CODE = YES;
				CLANG_WARN__DUPLICATE_METHOD_MATCH = YES;
				CODE_SIGN_IDENTITY = "-";
				COPY_PHASE_STRIP = NO;
				DEBUG_INFORMATION_FORMAT = "dwarf-with-dsym";
				ENABLE_NS_ASSERTIONS = NO;
				ENABLE_STRICT_OBJC_MSGSEND = YES;
				GCC_C_LANGUAGE_STANDARD = gnu99;
				GCC_NO_COMMON_BLOCKS = YES;
				GCC_WARN_64_TO_32_BIT_CONVERSION = YES;
				GCC_WARN_ABOUT_RETURN_TYPE = YES_ERROR;
				GCC_WARN_UNDECLARED_SELECTOR = YES;
				GCC_WARN_UNINITIALIZED_AUTOS = YES_AGGRESSIVE;
				GCC_WARN_UNUSED_FUNCTION = YES;
				GCC_WARN_UNUSED_VARIABLE = YES;
				"HEADER_SEARCH_PATHS[arch=*]" = include;
				MACOSX_DEPLOYMENT_TARGET = 10.11;
				MTL_ENABLE_DEBUG_INFO = NO;
				OTHER_CPLUSPLUSFLAGS = "$(OTHER_CFLAGS)";
				OTHER_LDFLAGS = (
					"-framework",
					AudioToolbox,
					"-framework",
					CoreFoundation,
				);
				SDKROOT = macosx;
			};
			name = Release;
		};
		2EF1E8F11D57F95100E02C33 /* Debug */ = {
			isa = XCBuildConfiguration;
			buildSettings = {
				ASSETCATALOG_COMPILER_APPICON_NAME = AppIcon;
				CLANG_CXX_LANGUAGE_STANDARD = "gnu++14";
				CLANG_ENABLE_MODULES = YES;
				COMBINE_HIDPI_IMAGES = YES;
				EMBEDDED_CONTENT_CONTAINS_SWIFT = YES;
				INFOPLIST_FILE = VocalTrainer/Info.plist;
				LD_RUNPATH_SEARCH_PATHS = "$(inherited) @executable_path/../Frameworks";
				LIBRARY_SEARCH_PATHS = (
					"$(inherited)",
					"$(PROJECT_DIR)/VocalTrainer/json",
				);
				OTHER_CPLUSPLUSFLAGS = "$(OTHER_CFLAGS)";
				OTHER_LDFLAGS = (
					"-framework",
					AudioToolbox,
					"-framework",
					CoreFoundation,
					"-framework",
					AVFoundation,
				);
				PRODUCT_BUNDLE_IDENTIFIER = Azazai.VocalTrainer;
				PRODUCT_NAME = "$(TARGET_NAME)";
				SWIFT_OBJC_BRIDGING_HEADER = "";
				SWIFT_OPTIMIZATION_LEVEL = "-Onone";
				SWIFT_VERSION = 3.0;
			};
			name = Debug;
		};
		2EF1E8F21D57F95100E02C33 /* Release */ = {
			isa = XCBuildConfiguration;
			buildSettings = {
				ASSETCATALOG_COMPILER_APPICON_NAME = AppIcon;
				CLANG_CXX_LANGUAGE_STANDARD = "gnu++14";
				CLANG_ENABLE_MODULES = YES;
				COMBINE_HIDPI_IMAGES = YES;
				EMBEDDED_CONTENT_CONTAINS_SWIFT = YES;
				INFOPLIST_FILE = VocalTrainer/Info.plist;
				LD_RUNPATH_SEARCH_PATHS = "$(inherited) @executable_path/../Frameworks";
				LIBRARY_SEARCH_PATHS = (
					"$(inherited)",
					"$(PROJECT_DIR)/VocalTrainer/json",
				);
				OTHER_CPLUSPLUSFLAGS = "$(OTHER_CFLAGS)";
				OTHER_LDFLAGS = (
					"-framework",
					AudioToolbox,
					"-framework",
					CoreFoundation,
					"-framework",
					AVFoundation,
				);
				PRODUCT_BUNDLE_IDENTIFIER = Azazai.VocalTrainer;
				PRODUCT_NAME = "$(TARGET_NAME)";
				SWIFT_OBJC_BRIDGING_HEADER = "";
				SWIFT_VERSION = 3.0;
			};
			name = Release;
		};
		54CCB92320854C96009639AD /* Debug */ = {
			isa = XCBuildConfiguration;
			buildSettings = {
				CLANG_ANALYZER_NUMBER_OBJECT_CONVERSION = YES_AGGRESSIVE;
				CLANG_CXX_LANGUAGE_STANDARD = "gnu++14";
				CLANG_ENABLE_OBJC_WEAK = YES;
				CLANG_WARN_BLOCK_CAPTURE_AUTORELEASING = YES;
				CLANG_WARN_COMMA = YES;
				CLANG_WARN_DEPRECATED_OBJC_IMPLEMENTATIONS = YES;
				CLANG_WARN_DOCUMENTATION_COMMENTS = YES;
				CLANG_WARN_INFINITE_RECURSION = YES;
				CLANG_WARN_NON_LITERAL_NULL_CONVERSION = YES;
				CLANG_WARN_OBJC_IMPLICIT_RETAIN_SELF = YES;
				CLANG_WARN_OBJC_LITERAL_CONVERSION = YES;
				CLANG_WARN_RANGE_LOOP_ANALYSIS = YES;
				CLANG_WARN_STRICT_PROTOTYPES = YES;
				CLANG_WARN_SUSPICIOUS_MOVE = YES;
				CLANG_WARN_UNGUARDED_AVAILABILITY = YES_AGGRESSIVE;
				CODE_SIGN_IDENTITY = "Mac Developer";
				CODE_SIGN_STYLE = Automatic;
				DEVELOPMENT_TEAM = PULWZ8FYD5;
				GCC_C_LANGUAGE_STANDARD = gnu11;
				"GCC_PREPROCESSOR_DEFINITIONS[arch=*]" = (
					"$(inherited)",
					"PITCH_DETECTION_NO_CATCH_CONFIG_MAIN=1",
					CPP_UTILS_NO_CATCH_CONFIG_MAIN,
				);
				MACOSX_DEPLOYMENT_TARGET = 10.13;
				PRODUCT_NAME = "$(TARGET_NAME)";
			};
			name = Debug;
		};
		54CCB92420854C96009639AD /* Release */ = {
			isa = XCBuildConfiguration;
			buildSettings = {
				CLANG_ANALYZER_NUMBER_OBJECT_CONVERSION = YES_AGGRESSIVE;
				CLANG_CXX_LANGUAGE_STANDARD = "gnu++14";
				CLANG_ENABLE_OBJC_WEAK = YES;
				CLANG_WARN_BLOCK_CAPTURE_AUTORELEASING = YES;
				CLANG_WARN_COMMA = YES;
				CLANG_WARN_DEPRECATED_OBJC_IMPLEMENTATIONS = YES;
				CLANG_WARN_DOCUMENTATION_COMMENTS = YES;
				CLANG_WARN_INFINITE_RECURSION = YES;
				CLANG_WARN_NON_LITERAL_NULL_CONVERSION = YES;
				CLANG_WARN_OBJC_IMPLICIT_RETAIN_SELF = YES;
				CLANG_WARN_OBJC_LITERAL_CONVERSION = YES;
				CLANG_WARN_RANGE_LOOP_ANALYSIS = YES;
				CLANG_WARN_STRICT_PROTOTYPES = YES;
				CLANG_WARN_SUSPICIOUS_MOVE = YES;
				CLANG_WARN_UNGUARDED_AVAILABILITY = YES_AGGRESSIVE;
				CODE_SIGN_IDENTITY = "Mac Developer";
				CODE_SIGN_STYLE = Automatic;
				DEVELOPMENT_TEAM = PULWZ8FYD5;
				GCC_C_LANGUAGE_STANDARD = gnu11;
				"GCC_PREPROCESSOR_DEFINITIONS[arch=*]" = (
					"PITCH_DETECTION_NO_CATCH_CONFIG_MAIN=1",
					"CPP_UTILS_NO_CATCH_CONFIG_MAIN=1",
				);
				MACOSX_DEPLOYMENT_TARGET = 10.13;
				PRODUCT_NAME = "$(TARGET_NAME)";
			};
			name = Release;
		};
/* End XCBuildConfiguration section */

/* Begin XCConfigurationList section */
		2EF1E8C61D57F95100E02C33 /* Build configuration list for PBXProject "VocalTrainer" */ = {
			isa = XCConfigurationList;
			buildConfigurations = (
				2EF1E8EE1D57F95100E02C33 /* Debug */,
				2EF1E8EF1D57F95100E02C33 /* Release */,
			);
			defaultConfigurationIsVisible = 0;
			defaultConfigurationName = Release;
		};
		2EF1E8F01D57F95100E02C33 /* Build configuration list for PBXNativeTarget "VocalTrainer" */ = {
			isa = XCConfigurationList;
			buildConfigurations = (
				2EF1E8F11D57F95100E02C33 /* Debug */,
				2EF1E8F21D57F95100E02C33 /* Release */,
			);
			defaultConfigurationIsVisible = 0;
			defaultConfigurationName = Release;
		};
		54CCB92220854C96009639AD /* Build configuration list for PBXNativeTarget "VocalTrainerTests" */ = {
			isa = XCConfigurationList;
			buildConfigurations = (
				54CCB92320854C96009639AD /* Debug */,
				54CCB92420854C96009639AD /* Release */,
			);
			defaultConfigurationIsVisible = 0;
			defaultConfigurationName = Release;
		};
/* End XCConfigurationList section */
	};
	rootObject = 2EF1E8C31D57F95100E02C33 /* Project object */;
}
