// !$*UTF8*$!
{
	archiveVersion = 1;
	classes = {
	};
	objectVersion = 51;
	objects = {

/* Begin PBXBuildFile section */
		54338F54258A57D500C7D5E2 /* WorkspaceDrawerView.mm in Sources */ = {isa = PBXBuildFile; fileRef = C9FFFE4F5AC0BB8DDAE24683 /* WorkspaceDrawerView.mm */; };
		54338F55258A57D500C7D5E2 /* WorkspaceDrawerView.h in Sources */ = {isa = PBXBuildFile; fileRef = C9FFFFCC49CC10D4ABE76064 /* WorkspaceDrawerView.h */; };
		54338F5D258A591900C7D5E2 /* iOSWorkspaceDrawerResourcesProvider.mm in Sources */ = {isa = PBXBuildFile; fileRef = C9FFF08E005E0AC456B4F0E8 /* iOSWorkspaceDrawerResourcesProvider.mm */; };
		54338F5E258A591900C7D5E2 /* iOSWorkspaceDrawerResourcesProvider.h in Sources */ = {isa = PBXBuildFile; fileRef = C9FFF3402FB10ADCC44F05D8 /* iOSWorkspaceDrawerResourcesProvider.h */; };
		543390D8258A59D900C7D5E2 /* LogiciOS.framework in Frameworks */ = {isa = PBXBuildFile; fileRef = 543390D7258A59D900C7D5E2 /* LogiciOS.framework */; };
		5482F422256E8C3800299548 /* VocalTrainerApp.swift in Sources */ = {isa = PBXBuildFile; fileRef = 5482F421256E8C3800299548 /* VocalTrainerApp.swift */; };
		5482F424256E8C3800299548 /* ContentView.swift in Sources */ = {isa = PBXBuildFile; fileRef = 5482F423256E8C3800299548 /* ContentView.swift */; };
		5482F426256E8C3900299548 /* Assets.xcassets in Resources */ = {isa = PBXBuildFile; fileRef = 5482F425256E8C3900299548 /* Assets.xcassets */; };
		5482F429256E8C3900299548 /* Preview Assets.xcassets in Resources */ = {isa = PBXBuildFile; fileRef = 5482F428256E8C3900299548 /* Preview Assets.xcassets */; };
		5482F44C256E9A0100299548 /* Color.swift in Sources */ = {isa = PBXBuildFile; fileRef = C9FFF2EAAB39ED7617C96D30 /* Color.swift */; };
		71AD21242278085DEBD45787 /* NSImage+Drawing.swift in Sources */ = {isa = PBXBuildFile; fileRef = 71AD2DEA9FC7B3F13CD06FF3 /* NSImage+Drawing.swift */; };
		71AD2137071D834E915C2D44 /* HeaderViewController.swift in Sources */ = {isa = PBXBuildFile; fileRef = 71AD2AD0DC2A1BD1B9B058AA /* HeaderViewController.swift */; };
		71AD221A602A44D64B950BFA /* ProjectWindowController.swift in Sources */ = {isa = PBXBuildFile; fileRef = 71AD21C74A29AB6B2D6F7582 /* ProjectWindowController.swift */; };
		71AD231BA344CB7DFBBB38CF /* NSView+Extensions.swift in Sources */ = {isa = PBXBuildFile; fileRef = 71AD29484D6CEF8CBDEDDA65 /* NSView+Extensions.swift */; };
		71AD235952A821616CC9617E /* HeaderButton.swift in Sources */ = {isa = PBXBuildFile; fileRef = 71AD2436A9C6F6406C50A7E6 /* HeaderButton.swift */; };
		71AD24277375FA316F05FFC8 /* NSAttributedString+Extensions.swift in Sources */ = {isa = PBXBuildFile; fileRef = 71AD25CBF89B6518B64657E2 /* NSAttributedString+Extensions.swift */; };
		71AD24EFBDE80511DB2613E8 /* HeaderUiUtils.swift in Sources */ = {isa = PBXBuildFile; fileRef = 71AD2331042B9D6CB1A4E6E7 /* HeaderUiUtils.swift */; };
		71AD2536137966A89F132D28 /* ZoomSlider.swift in Sources */ = {isa = PBXBuildFile; fileRef = 71AD2D5AFE24263239C95427 /* ZoomSlider.swift */; };
		71AD26497250888BDEB3A14E /* TouchUpDownButton.swift in Sources */ = {isa = PBXBuildFile; fileRef = 71AD2C4EAB705DCF47CAC77C /* TouchUpDownButton.swift */; };
		71AD26ED98C8F823F5F621DB /* CGRect+Extensions.swift in Sources */ = {isa = PBXBuildFile; fileRef = 71AD2BA3FE6C79FF0FAED7B1 /* CGRect+Extensions.swift */; };
		71AD27AD436983C0D551C6D6 /* ProjectViewController.swift in Sources */ = {isa = PBXBuildFile; fileRef = 71AD22FAC42E30FA831A8953 /* ProjectViewController.swift */; };
		71AD27E82582B5E20A3D1F6D /* InitializationManager.mm in Sources */ = {isa = PBXBuildFile; fileRef = 71AD29605A6EF90E1D9E2F98 /* InitializationManager.mm */; };
		71AD28739FBA3A3DF2D20E51 /* CGPoint+Extensions.swift in Sources */ = {isa = PBXBuildFile; fileRef = 71AD2D3B87D6702FFDE3939F /* CGPoint+Extensions.swift */; };
		71AD287439F13E457974A154 /* ToggleButton.swift in Sources */ = {isa = PBXBuildFile; fileRef = 71AD274B07C0FB7FF9C4BB32 /* ToggleButton.swift */; };
		71AD28B69AA7E771B512D067 /* CGContext+Extensions.swift in Sources */ = {isa = PBXBuildFile; fileRef = 71AD2849C886EFD054B43C66 /* CGContext+Extensions.swift */; };
		71AD29577693616F0CF11B4E /* CALayer+Extensions.swift in Sources */ = {isa = PBXBuildFile; fileRef = 71AD2E25FA2D80BDF0849D47 /* CALayer+Extensions.swift */; };
		71AD2A180D3226B294C54C1A /* CGSize+Extensions.swift in Sources */ = {isa = PBXBuildFile; fileRef = 71AD2E2C77501A215B455E28 /* CGSize+Extensions.swift */; };
		71AD2B086E0F0CA5D32FCADF /* UIConstants.swift in Sources */ = {isa = PBXBuildFile; fileRef = 71AD2D6D43DDF8B4D35BD451 /* UIConstants.swift */; };
		71AD2B394396133A287AC5AD /* ColorView.swift in Sources */ = {isa = PBXBuildFile; fileRef = 71AD29E4C9F3FD825512414E /* ColorView.swift */; };
		71AD2BC467EDBF0B234F63B7 /* ConfigurableWithProjectController.swift in Sources */ = {isa = PBXBuildFile; fileRef = 71AD2D9271E270F476840FA3 /* ConfigurableWithProjectController.swift */; };
		71AD2BDDA8810E1A47C09103 /* UI.swift in Sources */ = {isa = PBXBuildFile; fileRef = 71AD2884FCDE9A29BCA80D33 /* UI.swift */; };
		ACF18AD122EC7EBF008E7DAA /* AppDelegate.swift in Sources */ = {isa = PBXBuildFile; fileRef = ACF18AD022EC7EBF008E7DAA /* AppDelegate.swift */; };
		ACF18AD522EC7EBF008E7DAA /* Assets.xcassets in Resources */ = {isa = PBXBuildFile; fileRef = ACF18AD422EC7EBF008E7DAA /* Assets.xcassets */; };
		ACF18AD822EC7EBF008E7DAA /* Main.storyboard in Resources */ = {isa = PBXBuildFile; fileRef = ACF18AD622EC7EBF008E7DAA /* Main.storyboard */; };
		ACF18AE422EC7EBF008E7DAA /* VocalTrainerMacOSUITests.swift in Sources */ = {isa = PBXBuildFile; fileRef = ACF18AE322EC7EBF008E7DAA /* VocalTrainerMacOSUITests.swift */; };
		ACF18B0122EC8611008E7DAA /* Logic.framework in Frameworks */ = {isa = PBXBuildFile; fileRef = ACF18B0022EC8611008E7DAA /* Logic.framework */; };
		ACF18B2522ECB97C008E7DAA /* MetalKit.framework in Frameworks */ = {isa = PBXBuildFile; fileRef = ACF18B2422ECB97C008E7DAA /* MetalKit.framework */; };
		BE59FEE2E72C096CA824A0DE /* Pods_VocalTrainer.framework in Frameworks */ = {isa = PBXBuildFile; fileRef = 316CF42FAAC5685B522A455A /* Pods_VocalTrainer.framework */; };
		C9FFF1E34AFA522A191CF2F1 /* MacOSWorkspaceDrawerResourcesProvider.mm in Sources */ = {isa = PBXBuildFile; fileRef = C9FFFDFAB4FE80258A6D53A9 /* MacOSWorkspaceDrawerResourcesProvider.mm */; };
		C9FFF22FA3227FA4CDC2C3C5 /* WorkspaceDrawerView.mm in Sources */ = {isa = PBXBuildFile; fileRef = C9FFFD2BA8DC11DDABEB46AE /* WorkspaceDrawerView.mm */; };
		C9FFFB7F402FBE74FC015F81 /* MacOSWorkspaceDrawerDelegateHelper.swift in Sources */ = {isa = PBXBuildFile; fileRef = C9FFFCA54695F1C745C71A9F /* MacOSWorkspaceDrawerDelegateHelper.swift */; };
/* End PBXBuildFile section */

/* Begin PBXContainerItemProxy section */
		ACF18AE022EC7EBF008E7DAA /* PBXContainerItemProxy */ = {
			isa = PBXContainerItemProxy;
			containerPortal = ACF18AC522EC7EBF008E7DAA /* Project object */;
			proxyType = 1;
			remoteGlobalIDString = ACF18ACC22EC7EBF008E7DAA;
			remoteInfo = VocalTrainerMacOS;
		};
/* End PBXContainerItemProxy section */

/* Begin PBXFileReference section */
		316CF42FAAC5685B522A455A /* Pods_VocalTrainer.framework */ = {isa = PBXFileReference; explicitFileType = wrapper.framework; includeInIndex = 0; path = Pods_VocalTrainer.framework; sourceTree = BUILT_PRODUCTS_DIR; };
		37EB14089B9F185478AB5567 /* Pods-VocalTrainer.release.xcconfig */ = {isa = PBXFileReference; includeInIndex = 1; lastKnownFileType = text.xcconfig; name = "Pods-VocalTrainer.release.xcconfig"; path = "Target Support Files/Pods-VocalTrainer/Pods-VocalTrainer.release.xcconfig"; sourceTree = "<group>"; };
		543390D7258A59D900C7D5E2 /* LogiciOS.framework */ = {isa = PBXFileReference; explicitFileType = wrapper.framework; path = LogiciOS.framework; sourceTree = BUILT_PRODUCTS_DIR; };
		545490982554014B00E8E7F2 /* MvxGenerator.xcodeproj */ = {isa = PBXFileReference; lastKnownFileType = "wrapper.pb-project"; name = MvxGenerator.xcodeproj; path = ../MvxGenerator/MvxGenerator.xcodeproj; sourceTree = "<group>"; };
		5482F41F256E8C3800299548 /* VocalTraineriOS.app */ = {isa = PBXFileReference; explicitFileType = wrapper.application; includeInIndex = 0; path = VocalTraineriOS.app; sourceTree = BUILT_PRODUCTS_DIR; };
		5482F421256E8C3800299548 /* VocalTrainerApp.swift */ = {isa = PBXFileReference; lastKnownFileType = sourcecode.swift; path = VocalTrainerApp.swift; sourceTree = "<group>"; };
		5482F423256E8C3800299548 /* ContentView.swift */ = {isa = PBXFileReference; lastKnownFileType = sourcecode.swift; path = ContentView.swift; sourceTree = "<group>"; };
		5482F425256E8C3900299548 /* Assets.xcassets */ = {isa = PBXFileReference; lastKnownFileType = folder.assetcatalog; path = Assets.xcassets; sourceTree = "<group>"; };
		5482F428256E8C3900299548 /* Preview Assets.xcassets */ = {isa = PBXFileReference; lastKnownFileType = folder.assetcatalog; path = "Preview Assets.xcassets"; sourceTree = "<group>"; };
		5482F42A256E8C3900299548 /* Info.plist */ = {isa = PBXFileReference; lastKnownFileType = text.plist.xml; path = Info.plist; sourceTree = "<group>"; };
		67748B5386791DDBEBEF3101 /* Pods-VocalTrainerMacOS.debug.xcconfig */ = {isa = PBXFileReference; includeInIndex = 1; lastKnownFileType = text.xcconfig; name = "Pods-VocalTrainerMacOS.debug.xcconfig"; path = "Target Support Files/Pods-VocalTrainerMacOS/Pods-VocalTrainerMacOS.debug.xcconfig"; sourceTree = "<group>"; };
		71AD21C74A29AB6B2D6F7582 /* ProjectWindowController.swift */ = {isa = PBXFileReference; fileEncoding = 4; lastKnownFileType = sourcecode.swift; path = ProjectWindowController.swift; sourceTree = "<group>"; };
		71AD22FAC42E30FA831A8953 /* ProjectViewController.swift */ = {isa = PBXFileReference; fileEncoding = 4; lastKnownFileType = sourcecode.swift; path = ProjectViewController.swift; sourceTree = "<group>"; };
		71AD2331042B9D6CB1A4E6E7 /* HeaderUiUtils.swift */ = {isa = PBXFileReference; fileEncoding = 4; lastKnownFileType = sourcecode.swift; path = HeaderUiUtils.swift; sourceTree = "<group>"; };
		71AD2436A9C6F6406C50A7E6 /* HeaderButton.swift */ = {isa = PBXFileReference; fileEncoding = 4; lastKnownFileType = sourcecode.swift; path = HeaderButton.swift; sourceTree = "<group>"; };
		71AD25CBF89B6518B64657E2 /* NSAttributedString+Extensions.swift */ = {isa = PBXFileReference; fileEncoding = 4; lastKnownFileType = sourcecode.swift; path = "NSAttributedString+Extensions.swift"; sourceTree = "<group>"; };
		71AD2651F7102F1CF5FE06DA /* Workspace-Bridging-Header.h */ = {isa = PBXFileReference; fileEncoding = 4; lastKnownFileType = sourcecode.c.h; path = "Workspace-Bridging-Header.h"; sourceTree = "<group>"; };
		71AD274B07C0FB7FF9C4BB32 /* ToggleButton.swift */ = {isa = PBXFileReference; fileEncoding = 4; lastKnownFileType = sourcecode.swift; path = ToggleButton.swift; sourceTree = "<group>"; };
		71AD2849C886EFD054B43C66 /* CGContext+Extensions.swift */ = {isa = PBXFileReference; fileEncoding = 4; lastKnownFileType = sourcecode.swift; path = "CGContext+Extensions.swift"; sourceTree = "<group>"; };
		71AD2884FCDE9A29BCA80D33 /* UI.swift */ = {isa = PBXFileReference; fileEncoding = 4; lastKnownFileType = sourcecode.swift; path = UI.swift; sourceTree = "<group>"; };
		71AD29484D6CEF8CBDEDDA65 /* NSView+Extensions.swift */ = {isa = PBXFileReference; fileEncoding = 4; lastKnownFileType = sourcecode.swift; path = "NSView+Extensions.swift"; sourceTree = "<group>"; };
		71AD29605A6EF90E1D9E2F98 /* InitializationManager.mm */ = {isa = PBXFileReference; fileEncoding = 4; lastKnownFileType = sourcecode.cpp.objcpp; path = InitializationManager.mm; sourceTree = "<group>"; };
		71AD29E4C9F3FD825512414E /* ColorView.swift */ = {isa = PBXFileReference; fileEncoding = 4; lastKnownFileType = sourcecode.swift; path = ColorView.swift; sourceTree = "<group>"; };
		71AD2ACE3A195D54F918916A /* InitializationManager.h */ = {isa = PBXFileReference; fileEncoding = 4; lastKnownFileType = sourcecode.c.h; path = InitializationManager.h; sourceTree = "<group>"; };
		71AD2AD0DC2A1BD1B9B058AA /* HeaderViewController.swift */ = {isa = PBXFileReference; fileEncoding = 4; lastKnownFileType = sourcecode.swift; path = HeaderViewController.swift; sourceTree = "<group>"; };
		71AD2BA3FE6C79FF0FAED7B1 /* CGRect+Extensions.swift */ = {isa = PBXFileReference; fileEncoding = 4; lastKnownFileType = sourcecode.swift; path = "CGRect+Extensions.swift"; sourceTree = "<group>"; };
		71AD2C4EAB705DCF47CAC77C /* TouchUpDownButton.swift */ = {isa = PBXFileReference; fileEncoding = 4; lastKnownFileType = sourcecode.swift; path = TouchUpDownButton.swift; sourceTree = "<group>"; };
		71AD2D3B87D6702FFDE3939F /* CGPoint+Extensions.swift */ = {isa = PBXFileReference; fileEncoding = 4; lastKnownFileType = sourcecode.swift; path = "CGPoint+Extensions.swift"; sourceTree = "<group>"; };
		71AD2D5AFE24263239C95427 /* ZoomSlider.swift */ = {isa = PBXFileReference; fileEncoding = 4; lastKnownFileType = sourcecode.swift; path = ZoomSlider.swift; sourceTree = "<group>"; };
		71AD2D6D43DDF8B4D35BD451 /* UIConstants.swift */ = {isa = PBXFileReference; fileEncoding = 4; lastKnownFileType = sourcecode.swift; path = UIConstants.swift; sourceTree = "<group>"; };
		71AD2D9271E270F476840FA3 /* ConfigurableWithProjectController.swift */ = {isa = PBXFileReference; fileEncoding = 4; lastKnownFileType = sourcecode.swift; path = ConfigurableWithProjectController.swift; sourceTree = "<group>"; };
		71AD2DEA9FC7B3F13CD06FF3 /* NSImage+Drawing.swift */ = {isa = PBXFileReference; fileEncoding = 4; lastKnownFileType = sourcecode.swift; path = "NSImage+Drawing.swift"; sourceTree = "<group>"; };
		71AD2E25FA2D80BDF0849D47 /* CALayer+Extensions.swift */ = {isa = PBXFileReference; fileEncoding = 4; lastKnownFileType = sourcecode.swift; path = "CALayer+Extensions.swift"; sourceTree = "<group>"; };
		71AD2E2C77501A215B455E28 /* CGSize+Extensions.swift */ = {isa = PBXFileReference; fileEncoding = 4; lastKnownFileType = sourcecode.swift; path = "CGSize+Extensions.swift"; sourceTree = "<group>"; };
		ACF18ACD22EC7EBF008E7DAA /* VocalTrainerMacOS.app */ = {isa = PBXFileReference; explicitFileType = wrapper.application; includeInIndex = 0; path = VocalTrainerMacOS.app; sourceTree = BUILT_PRODUCTS_DIR; };
		ACF18AD022EC7EBF008E7DAA /* AppDelegate.swift */ = {isa = PBXFileReference; lastKnownFileType = sourcecode.swift; path = AppDelegate.swift; sourceTree = "<group>"; };
		ACF18AD422EC7EBF008E7DAA /* Assets.xcassets */ = {isa = PBXFileReference; lastKnownFileType = folder.assetcatalog; path = Assets.xcassets; sourceTree = "<group>"; };
		ACF18AD722EC7EBF008E7DAA /* Base */ = {isa = PBXFileReference; lastKnownFileType = file.storyboard; name = Base; path = Base.lproj/Main.storyboard; sourceTree = "<group>"; };
		ACF18AD922EC7EBF008E7DAA /* Info.plist */ = {isa = PBXFileReference; lastKnownFileType = text.plist.xml; path = Info.plist; sourceTree = "<group>"; };
		ACF18ADA22EC7EBF008E7DAA /* VocalTrainerMacOS.entitlements */ = {isa = PBXFileReference; lastKnownFileType = text.plist.entitlements; path = VocalTrainerMacOS.entitlements; sourceTree = "<group>"; };
		ACF18ADF22EC7EBF008E7DAA /* VocalTrainerUITests.xctest */ = {isa = PBXFileReference; explicitFileType = wrapper.cfbundle; includeInIndex = 0; path = VocalTrainerUITests.xctest; sourceTree = BUILT_PRODUCTS_DIR; };
		ACF18AE322EC7EBF008E7DAA /* VocalTrainerMacOSUITests.swift */ = {isa = PBXFileReference; lastKnownFileType = sourcecode.swift; path = VocalTrainerMacOSUITests.swift; sourceTree = "<group>"; };
		ACF18AE522EC7EBF008E7DAA /* Info.plist */ = {isa = PBXFileReference; lastKnownFileType = text.plist.xml; path = Info.plist; sourceTree = "<group>"; };
		ACF18B0022EC8611008E7DAA /* Logic.framework */ = {isa = PBXFileReference; explicitFileType = wrapper.framework; path = Logic.framework; sourceTree = BUILT_PRODUCTS_DIR; };
		ACF18B2422ECB97C008E7DAA /* MetalKit.framework */ = {isa = PBXFileReference; lastKnownFileType = wrapper.framework; name = MetalKit.framework; path = System/Library/Frameworks/MetalKit.framework; sourceTree = SDKROOT; };
		C9FFF08E005E0AC456B4F0E8 /* iOSWorkspaceDrawerResourcesProvider.mm */ = {isa = PBXFileReference; fileEncoding = 4; lastKnownFileType = sourcecode.cpp.objcpp; path = iOSWorkspaceDrawerResourcesProvider.mm; sourceTree = "<group>"; };
		C9FFF2EAAB39ED7617C96D30 /* Color.swift */ = {isa = PBXFileReference; fileEncoding = 4; lastKnownFileType = sourcecode.swift; path = Color.swift; sourceTree = "<group>"; };
		C9FFF3402FB10ADCC44F05D8 /* iOSWorkspaceDrawerResourcesProvider.h */ = {isa = PBXFileReference; fileEncoding = 4; lastKnownFileType = sourcecode.c.h; path = iOSWorkspaceDrawerResourcesProvider.h; sourceTree = "<group>"; };
		C9FFF78F1BB01FD6DB6110A7 /* MacOSWorkspaceDrawerResourcesProvider.h */ = {isa = PBXFileReference; fileEncoding = 4; lastKnownFileType = sourcecode.c.h; path = MacOSWorkspaceDrawerResourcesProvider.h; sourceTree = "<group>"; };
		C9FFFAB0C4240454654C5098 /* WorkspaceDrawerView.h */ = {isa = PBXFileReference; fileEncoding = 4; lastKnownFileType = sourcecode.c.h; path = WorkspaceDrawerView.h; sourceTree = "<group>"; };
		C9FFFCA54695F1C745C71A9F /* MacOSWorkspaceDrawerDelegateHelper.swift */ = {isa = PBXFileReference; fileEncoding = 4; lastKnownFileType = sourcecode.swift; path = MacOSWorkspaceDrawerDelegateHelper.swift; sourceTree = "<group>"; };
		C9FFFD2BA8DC11DDABEB46AE /* WorkspaceDrawerView.mm */ = {isa = PBXFileReference; fileEncoding = 4; lastKnownFileType = sourcecode.cpp.objcpp; path = WorkspaceDrawerView.mm; sourceTree = "<group>"; };
		C9FFFDFAB4FE80258A6D53A9 /* MacOSWorkspaceDrawerResourcesProvider.mm */ = {isa = PBXFileReference; fileEncoding = 4; lastKnownFileType = sourcecode.cpp.objcpp; path = MacOSWorkspaceDrawerResourcesProvider.mm; sourceTree = "<group>"; };
		C9FFFE4F5AC0BB8DDAE24683 /* WorkspaceDrawerView.mm */ = {isa = PBXFileReference; fileEncoding = 4; lastKnownFileType = sourcecode.cpp.objcpp; path = WorkspaceDrawerView.mm; sourceTree = "<group>"; };
		C9FFFFCC49CC10D4ABE76064 /* WorkspaceDrawerView.h */ = {isa = PBXFileReference; fileEncoding = 4; lastKnownFileType = sourcecode.c.h; path = WorkspaceDrawerView.h; sourceTree = "<group>"; };
		CBBB957AD6C6D1C202253CA9 /* Pods-VocalTrainer.debug.xcconfig */ = {isa = PBXFileReference; includeInIndex = 1; lastKnownFileType = text.xcconfig; name = "Pods-VocalTrainer.debug.xcconfig"; path = "Target Support Files/Pods-VocalTrainer/Pods-VocalTrainer.debug.xcconfig"; sourceTree = "<group>"; };
		E4182398962A0FCB5CFBD20F /* Pods-VocalTrainerMacOS.release.xcconfig */ = {isa = PBXFileReference; includeInIndex = 1; lastKnownFileType = text.xcconfig; name = "Pods-VocalTrainerMacOS.release.xcconfig"; path = "Target Support Files/Pods-VocalTrainerMacOS/Pods-VocalTrainerMacOS.release.xcconfig"; sourceTree = "<group>"; };
/* End PBXFileReference section */

/* Begin PBXFrameworksBuildPhase section */
		5482F41C256E8C3800299548 /* Frameworks */ = {
			isa = PBXFrameworksBuildPhase;
			buildActionMask = 2147483647;
			files = (
				543390D8258A59D900C7D5E2 /* LogiciOS.framework in Frameworks */,
			);
			runOnlyForDeploymentPostprocessing = 0;
		};
		ACF18ACA22EC7EBF008E7DAA /* Frameworks */ = {
			isa = PBXFrameworksBuildPhase;
			buildActionMask = 2147483647;
			files = (
				ACF18B2522ECB97C008E7DAA /* MetalKit.framework in Frameworks */,
				ACF18B0122EC8611008E7DAA /* Logic.framework in Frameworks */,
				BE59FEE2E72C096CA824A0DE /* Pods_VocalTrainer.framework in Frameworks */,
			);
			runOnlyForDeploymentPostprocessing = 0;
		};
		ACF18ADC22EC7EBF008E7DAA /* Frameworks */ = {
			isa = PBXFrameworksBuildPhase;
			buildActionMask = 2147483647;
			files = (
			);
			runOnlyForDeploymentPostprocessing = 0;
		};
/* End PBXFrameworksBuildPhase section */

/* Begin PBXGroup section */
		545490992554014B00E8E7F2 /* Products */ = {
			isa = PBXGroup;
			children = (
			);
			name = Products;
			sourceTree = "<group>";
		};
		5482F420256E8C3800299548 /* iOS */ = {
			isa = PBXGroup;
			children = (
				5482F421256E8C3800299548 /* VocalTrainerApp.swift */,
				5482F423256E8C3800299548 /* ContentView.swift */,
				5482F425256E8C3900299548 /* Assets.xcassets */,
				5482F42A256E8C3900299548 /* Info.plist */,
				5482F427256E8C3900299548 /* Preview Content */,
				C9FFF1C7086CF620F8B38795 /* Extensions */,
				C9FFF161EC7B56BBE962C01E /* Workspace */,
			);
			path = iOS;
			sourceTree = "<group>";
		};
		5482F427256E8C3900299548 /* Preview Content */ = {
			isa = PBXGroup;
			children = (
				5482F428256E8C3900299548 /* Preview Assets.xcassets */,
			);
			path = "Preview Content";
			sourceTree = "<group>";
		};
		71AD20ACDEBC3A0DCA95A336 /* Views */ = {
			isa = PBXGroup;
			children = (
				71AD274B07C0FB7FF9C4BB32 /* ToggleButton.swift */,
				71AD2C4EAB705DCF47CAC77C /* TouchUpDownButton.swift */,
				71AD29E4C9F3FD825512414E /* ColorView.swift */,
			);
			path = Views;
			sourceTree = "<group>";
		};
		71AD20BB309FA4D4993D4B53 /* Generic */ = {
			isa = PBXGroup;
			children = (
				71AD2F9D33ABB2C5BC8751F2 /* Extensions */,
				71AD2D6D43DDF8B4D35BD451 /* UIConstants.swift */,
				71AD2884FCDE9A29BCA80D33 /* UI.swift */,
				71AD20ACDEBC3A0DCA95A336 /* Views */,
			);
			path = Generic;
			sourceTree = "<group>";
		};
		71AD2148A0A936CEF229EC25 /* Utils */ = {
			isa = PBXGroup;
			children = (
				71AD2331042B9D6CB1A4E6E7 /* HeaderUiUtils.swift */,
			);
			path = Utils;
			sourceTree = "<group>";
		};
		71AD21DA5644C4A3E72E8680 /* Extesnions */ = {
			isa = PBXGroup;
			children = (
				71AD2D3B87D6702FFDE3939F /* CGPoint+Extensions.swift */,
				71AD2BA3FE6C79FF0FAED7B1 /* CGRect+Extensions.swift */,
				71AD2E2C77501A215B455E28 /* CGSize+Extensions.swift */,
				71AD2849C886EFD054B43C66 /* CGContext+Extensions.swift */,
				71AD25CBF89B6518B64657E2 /* NSAttributedString+Extensions.swift */,
			);
			path = Extesnions;
			sourceTree = "<group>";
		};
		71AD22E26BEB85EAB8596ACE /* View */ = {
			isa = PBXGroup;
			children = (
				71AD2436A9C6F6406C50A7E6 /* HeaderButton.swift */,
				71AD2D5AFE24263239C95427 /* ZoomSlider.swift */,
			);
			path = View;
			sourceTree = "<group>";
		};
		71AD291CFFD069EF352B6BE6 /* Shared */ = {
			isa = PBXGroup;
			children = (
				71AD2651F7102F1CF5FE06DA /* Workspace-Bridging-Header.h */,
				71AD29605A6EF90E1D9E2F98 /* InitializationManager.mm */,
				71AD2ACE3A195D54F918916A /* InitializationManager.h */,
				71AD21DA5644C4A3E72E8680 /* Extesnions */,
			);
			path = Shared;
			sourceTree = "<group>";
		};
		71AD2C2F2205065E90BD996C /* Project */ = {
			isa = PBXGroup;
			children = (
				71AD22FAC42E30FA831A8953 /* ProjectViewController.swift */,
				71AD21C74A29AB6B2D6F7582 /* ProjectWindowController.swift */,
				71AD2AD0DC2A1BD1B9B058AA /* HeaderViewController.swift */,
				71AD22E26BEB85EAB8596ACE /* View */,
				71AD2D9271E270F476840FA3 /* ConfigurableWithProjectController.swift */,
				71AD2148A0A936CEF229EC25 /* Utils */,
				C9FFFCA54695F1C745C71A9F /* MacOSWorkspaceDrawerDelegateHelper.swift */,
				C9FFF4FC607BF1D49CC5BB69 /* Workspace */,
			);
			path = Project;
			sourceTree = "<group>";
		};
		71AD2F9D33ABB2C5BC8751F2 /* Extensions */ = {
			isa = PBXGroup;
			children = (
				71AD2DEA9FC7B3F13CD06FF3 /* NSImage+Drawing.swift */,
				71AD2E25FA2D80BDF0849D47 /* CALayer+Extensions.swift */,
				71AD29484D6CEF8CBDEDDA65 /* NSView+Extensions.swift */,
			);
			path = Extensions;
			sourceTree = "<group>";
		};
		ACF18AC422EC7EBF008E7DAA = {
			isa = PBXGroup;
			children = (
				545490982554014B00E8E7F2 /* MvxGenerator.xcodeproj */,
				ACF18ACF22EC7EBF008E7DAA /* MacOS */,
				ACF18AE222EC7EBF008E7DAA /* VocalTrainerUITests */,
				5482F420256E8C3800299548 /* iOS */,
				ACF18ACE22EC7EBF008E7DAA /* Products */,
				BA99F2852ABC58169B5ABAA9 /* Pods */,
				FAAA747C4DF5693877F41DFE /* Frameworks */,
				71AD291CFFD069EF352B6BE6 /* Shared */,
			);
			sourceTree = "<group>";
		};
		ACF18ACE22EC7EBF008E7DAA /* Products */ = {
			isa = PBXGroup;
			children = (
				ACF18ACD22EC7EBF008E7DAA /* VocalTrainerMacOS.app */,
				ACF18ADF22EC7EBF008E7DAA /* VocalTrainerUITests.xctest */,
				5482F41F256E8C3800299548 /* VocalTraineriOS.app */,
			);
			name = Products;
			sourceTree = "<group>";
		};
		ACF18ACF22EC7EBF008E7DAA /* MacOS */ = {
			isa = PBXGroup;
			children = (
				ACF18AD022EC7EBF008E7DAA /* AppDelegate.swift */,
				ACF18AD422EC7EBF008E7DAA /* Assets.xcassets */,
				ACF18AD622EC7EBF008E7DAA /* Main.storyboard */,
				ACF18AD922EC7EBF008E7DAA /* Info.plist */,
				ACF18ADA22EC7EBF008E7DAA /* VocalTrainerMacOS.entitlements */,
				71AD2C2F2205065E90BD996C /* Project */,
				71AD20BB309FA4D4993D4B53 /* Generic */,
			);
			path = MacOS;
			sourceTree = "<group>";
		};
		ACF18AE222EC7EBF008E7DAA /* VocalTrainerUITests */ = {
			isa = PBXGroup;
			children = (
				ACF18AE322EC7EBF008E7DAA /* VocalTrainerMacOSUITests.swift */,
				ACF18AE522EC7EBF008E7DAA /* Info.plist */,
			);
			path = VocalTrainerUITests;
			sourceTree = "<group>";
		};
		BA99F2852ABC58169B5ABAA9 /* Pods */ = {
			isa = PBXGroup;
			children = (
				67748B5386791DDBEBEF3101 /* Pods-VocalTrainerMacOS.debug.xcconfig */,
				E4182398962A0FCB5CFBD20F /* Pods-VocalTrainerMacOS.release.xcconfig */,
				CBBB957AD6C6D1C202253CA9 /* Pods-VocalTrainer.debug.xcconfig */,
				37EB14089B9F185478AB5567 /* Pods-VocalTrainer.release.xcconfig */,
			);
			path = Pods;
			sourceTree = "<group>";
		};
		C9FFF161EC7B56BBE962C01E /* Workspace */ = {
			isa = PBXGroup;
			children = (
				C9FFFE4F5AC0BB8DDAE24683 /* WorkspaceDrawerView.mm */,
				C9FFFFCC49CC10D4ABE76064 /* WorkspaceDrawerView.h */,
				C9FFF08E005E0AC456B4F0E8 /* iOSWorkspaceDrawerResourcesProvider.mm */,
				C9FFF3402FB10ADCC44F05D8 /* iOSWorkspaceDrawerResourcesProvider.h */,
			);
			path = Workspace;
			sourceTree = "<group>";
		};
		C9FFF1C7086CF620F8B38795 /* Extensions */ = {
			isa = PBXGroup;
			children = (
				C9FFF2EAAB39ED7617C96D30 /* Color.swift */,
			);
			path = Extensions;
			sourceTree = "<group>";
		};
		C9FFF4FC607BF1D49CC5BB69 /* Workspace */ = {
			isa = PBXGroup;
			children = (
				C9FFFAB0C4240454654C5098 /* WorkspaceDrawerView.h */,
				C9FFFD2BA8DC11DDABEB46AE /* WorkspaceDrawerView.mm */,
				C9FFFDFAB4FE80258A6D53A9 /* MacOSWorkspaceDrawerResourcesProvider.mm */,
				C9FFF78F1BB01FD6DB6110A7 /* MacOSWorkspaceDrawerResourcesProvider.h */,
			);
			name = Workspace;
			path = MacOS/Workspace;
			sourceTree = SOURCE_ROOT;
		};
		FAAA747C4DF5693877F41DFE /* Frameworks */ = {
			isa = PBXGroup;
			children = (
				543390D7258A59D900C7D5E2 /* LogiciOS.framework */,
				ACF18B2422ECB97C008E7DAA /* MetalKit.framework */,
				ACF18B0022EC8611008E7DAA /* Logic.framework */,
				316CF42FAAC5685B522A455A /* Pods_VocalTrainer.framework */,
			);
			name = Frameworks;
			sourceTree = "<group>";
		};
/* End PBXGroup section */

/* Begin PBXNativeTarget section */
		5482F41E256E8C3800299548 /* VocalTraineriOS */ = {
			isa = PBXNativeTarget;
			buildConfigurationList = 5482F42B256E8C3900299548 /* Build configuration list for PBXNativeTarget "VocalTraineriOS" */;
			buildPhases = (
				5482F41B256E8C3800299548 /* Sources */,
				5482F41C256E8C3800299548 /* Frameworks */,
				5482F41D256E8C3800299548 /* Resources */,
			);
			buildRules = (
			);
			dependencies = (
			);
			name = VocalTraineriOS;
			productName = VocalTraineriOS;
			productReference = 5482F41F256E8C3800299548 /* VocalTraineriOS.app */;
			productType = "com.apple.product-type.application";
		};
		ACF18ACC22EC7EBF008E7DAA /* VocalTrainerMacOS */ = {
			isa = PBXNativeTarget;
			buildConfigurationList = ACF18AE822EC7EBF008E7DAA /* Build configuration list for PBXNativeTarget "VocalTrainerMacOS" */;
			buildPhases = (
				18CC11A8514F6FD74ECA2DB5 /* [CP] Check Pods Manifest.lock */,
				ACF18AC922EC7EBF008E7DAA /* Sources */,
				ACF18ACA22EC7EBF008E7DAA /* Frameworks */,
				ACF18ACB22EC7EBF008E7DAA /* Resources */,
				4FE502BE4D0489C3ABA07BB2 /* [CP] Embed Pods Frameworks */,
			);
			buildRules = (
			);
			dependencies = (
			);
			name = VocalTrainerMacOS;
			productName = VocalTrainerMacOS;
			productReference = ACF18ACD22EC7EBF008E7DAA /* VocalTrainerMacOS.app */;
			productType = "com.apple.product-type.application";
		};
		ACF18ADE22EC7EBF008E7DAA /* VocalTrainerUITests */ = {
			isa = PBXNativeTarget;
			buildConfigurationList = ACF18AEB22EC7EBF008E7DAA /* Build configuration list for PBXNativeTarget "VocalTrainerUITests" */;
			buildPhases = (
				ACF18ADB22EC7EBF008E7DAA /* Sources */,
				ACF18ADC22EC7EBF008E7DAA /* Frameworks */,
				ACF18ADD22EC7EBF008E7DAA /* Resources */,
			);
			buildRules = (
			);
			dependencies = (
				ACF18AE122EC7EBF008E7DAA /* PBXTargetDependency */,
			);
			name = VocalTrainerUITests;
			productName = VocalTrainerMacOSUITests;
			productReference = ACF18ADF22EC7EBF008E7DAA /* VocalTrainerUITests.xctest */;
			productType = "com.apple.product-type.bundle.ui-testing";
		};
/* End PBXNativeTarget section */

/* Begin PBXProject section */
		ACF18AC522EC7EBF008E7DAA /* Project object */ = {
			isa = PBXProject;
			attributes = {
				LastSwiftUpdateCheck = 1220;
				LastUpgradeCheck = 1020;
				ORGANIZATIONNAME = "Semyon Tikhonenko";
				TargetAttributes = {
					5482F41E256E8C3800299548 = {
						CreatedOnToolsVersion = 12.2;
					};
					ACF18ACC22EC7EBF008E7DAA = {
						CreatedOnToolsVersion = 10.2.1;
					};
					ACF18ADE22EC7EBF008E7DAA = {
						CreatedOnToolsVersion = 10.2.1;
						TestTargetID = ACF18ACC22EC7EBF008E7DAA;
					};
				};
			};
			buildConfigurationList = ACF18AC822EC7EBF008E7DAA /* Build configuration list for PBXProject "VocalTrainer" */;
			compatibilityVersion = "Xcode 9.3";
			developmentRegion = en;
			hasScannedForEncodings = 0;
			knownRegions = (
				en,
				Base,
			);
			mainGroup = ACF18AC422EC7EBF008E7DAA;
			productRefGroup = ACF18ACE22EC7EBF008E7DAA /* Products */;
			projectDirPath = "";
			projectReferences = (
				{
					ProductGroup = 545490992554014B00E8E7F2 /* Products */;
					ProjectRef = 545490982554014B00E8E7F2 /* MvxGenerator.xcodeproj */;
				},
			);
			projectRoot = "";
			targets = (
				ACF18ACC22EC7EBF008E7DAA /* VocalTrainerMacOS */,
				ACF18ADE22EC7EBF008E7DAA /* VocalTrainerUITests */,
				5482F41E256E8C3800299548 /* VocalTraineriOS */,
			);
		};
/* End PBXProject section */

/* Begin PBXResourcesBuildPhase section */
		5482F41D256E8C3800299548 /* Resources */ = {
			isa = PBXResourcesBuildPhase;
			buildActionMask = 2147483647;
			files = (
				5482F429256E8C3900299548 /* Preview Assets.xcassets in Resources */,
				5482F426256E8C3900299548 /* Assets.xcassets in Resources */,
			);
			runOnlyForDeploymentPostprocessing = 0;
		};
		ACF18ACB22EC7EBF008E7DAA /* Resources */ = {
			isa = PBXResourcesBuildPhase;
			buildActionMask = 2147483647;
			files = (
				ACF18AD522EC7EBF008E7DAA /* Assets.xcassets in Resources */,
				ACF18AD822EC7EBF008E7DAA /* Main.storyboard in Resources */,
			);
			runOnlyForDeploymentPostprocessing = 0;
		};
		ACF18ADD22EC7EBF008E7DAA /* Resources */ = {
			isa = PBXResourcesBuildPhase;
			buildActionMask = 2147483647;
			files = (
			);
			runOnlyForDeploymentPostprocessing = 0;
		};
/* End PBXResourcesBuildPhase section */

/* Begin PBXShellScriptBuildPhase section */
		18CC11A8514F6FD74ECA2DB5 /* [CP] Check Pods Manifest.lock */ = {
			isa = PBXShellScriptBuildPhase;
			buildActionMask = 2147483647;
			files = (
			);
			inputFileListPaths = (
			);
			inputPaths = (
				"${PODS_PODFILE_DIR_PATH}/Podfile.lock",
				"${PODS_ROOT}/Manifest.lock",
			);
			name = "[CP] Check Pods Manifest.lock";
			outputFileListPaths = (
			);
			outputPaths = (
				"$(DERIVED_FILE_DIR)/Pods-VocalTrainer-checkManifestLockResult.txt",
			);
			runOnlyForDeploymentPostprocessing = 0;
			shellPath = /bin/sh;
			shellScript = "diff \"${PODS_PODFILE_DIR_PATH}/Podfile.lock\" \"${PODS_ROOT}/Manifest.lock\" > /dev/null\nif [ $? != 0 ] ; then\n    # print error to STDERR\n    echo \"error: The sandbox is not in sync with the Podfile.lock. Run 'pod install' or update your CocoaPods installation.\" >&2\n    exit 1\nfi\n# This output is used by Xcode 'outputs' to avoid re-running this script phase.\necho \"SUCCESS\" > \"${SCRIPT_OUTPUT_FILE_0}\"\n";
			showEnvVarsInLog = 0;
		};
		4FE502BE4D0489C3ABA07BB2 /* [CP] Embed Pods Frameworks */ = {
			isa = PBXShellScriptBuildPhase;
			buildActionMask = 2147483647;
			files = (
			);
			inputFileListPaths = (
				"${PODS_ROOT}/Target Support Files/Pods-VocalTrainer/Pods-VocalTrainer-frameworks-${CONFIGURATION}-input-files.xcfilelist",
			);
			name = "[CP] Embed Pods Frameworks";
			outputFileListPaths = (
				"${PODS_ROOT}/Target Support Files/Pods-VocalTrainer/Pods-VocalTrainer-frameworks-${CONFIGURATION}-output-files.xcfilelist",
			);
			runOnlyForDeploymentPostprocessing = 0;
			shellPath = /bin/sh;
			shellScript = "\"${PODS_ROOT}/Target Support Files/Pods-VocalTrainer/Pods-VocalTrainer-frameworks.sh\"\n";
			showEnvVarsInLog = 0;
		};
/* End PBXShellScriptBuildPhase section */

/* Begin PBXSourcesBuildPhase section */
		5482F41B256E8C3800299548 /* Sources */ = {
			isa = PBXSourcesBuildPhase;
			buildActionMask = 2147483647;
			files = (
				54338F5D258A591900C7D5E2 /* iOSWorkspaceDrawerResourcesProvider.mm in Sources */,
				54338F5E258A591900C7D5E2 /* iOSWorkspaceDrawerResourcesProvider.h in Sources */,
				54338F54258A57D500C7D5E2 /* WorkspaceDrawerView.mm in Sources */,
				54338F55258A57D500C7D5E2 /* WorkspaceDrawerView.h in Sources */,
				5482F44C256E9A0100299548 /* Color.swift in Sources */,
				5482F424256E8C3800299548 /* ContentView.swift in Sources */,
				5482F422256E8C3800299548 /* VocalTrainerApp.swift in Sources */,
			);
			runOnlyForDeploymentPostprocessing = 0;
		};
		ACF18AC922EC7EBF008E7DAA /* Sources */ = {
			isa = PBXSourcesBuildPhase;
			buildActionMask = 2147483647;
			files = (
				ACF18AD122EC7EBF008E7DAA /* AppDelegate.swift in Sources */,
				71AD27AD436983C0D551C6D6 /* ProjectViewController.swift in Sources */,
				71AD221A602A44D64B950BFA /* ProjectWindowController.swift in Sources */,
				71AD21242278085DEBD45787 /* NSImage+Drawing.swift in Sources */,
				71AD27E82582B5E20A3D1F6D /* InitializationManager.mm in Sources */,
				71AD28739FBA3A3DF2D20E51 /* CGPoint+Extensions.swift in Sources */,
				71AD26ED98C8F823F5F621DB /* CGRect+Extensions.swift in Sources */,
				71AD2A180D3226B294C54C1A /* CGSize+Extensions.swift in Sources */,
				71AD2137071D834E915C2D44 /* HeaderViewController.swift in Sources */,
				71AD2B086E0F0CA5D32FCADF /* UIConstants.swift in Sources */,
				71AD235952A821616CC9617E /* HeaderButton.swift in Sources */,
				71AD29577693616F0CF11B4E /* CALayer+Extensions.swift in Sources */,
				71AD2BC467EDBF0B234F63B7 /* ConfigurableWithProjectController.swift in Sources */,
				71AD2BDDA8810E1A47C09103 /* UI.swift in Sources */,
				71AD24EFBDE80511DB2613E8 /* HeaderUiUtils.swift in Sources */,
				71AD28B69AA7E771B512D067 /* CGContext+Extensions.swift in Sources */,
				71AD24277375FA316F05FFC8 /* NSAttributedString+Extensions.swift in Sources */,
				71AD287439F13E457974A154 /* ToggleButton.swift in Sources */,
				71AD26497250888BDEB3A14E /* TouchUpDownButton.swift in Sources */,
				71AD2536137966A89F132D28 /* ZoomSlider.swift in Sources */,
				71AD2B394396133A287AC5AD /* ColorView.swift in Sources */,
				71AD231BA344CB7DFBBB38CF /* NSView+Extensions.swift in Sources */,
				C9FFFB7F402FBE74FC015F81 /* MacOSWorkspaceDrawerDelegateHelper.swift in Sources */,
				C9FFF22FA3227FA4CDC2C3C5 /* WorkspaceDrawerView.mm in Sources */,
				C9FFF1E34AFA522A191CF2F1 /* MacOSWorkspaceDrawerResourcesProvider.mm in Sources */,
			);
			runOnlyForDeploymentPostprocessing = 0;
		};
		ACF18ADB22EC7EBF008E7DAA /* Sources */ = {
			isa = PBXSourcesBuildPhase;
			buildActionMask = 2147483647;
			files = (
				ACF18AE422EC7EBF008E7DAA /* VocalTrainerMacOSUITests.swift in Sources */,
			);
			runOnlyForDeploymentPostprocessing = 0;
		};
/* End PBXSourcesBuildPhase section */

/* Begin PBXTargetDependency section */
		ACF18AE122EC7EBF008E7DAA /* PBXTargetDependency */ = {
			isa = PBXTargetDependency;
			target = ACF18ACC22EC7EBF008E7DAA /* VocalTrainerMacOS */;
			targetProxy = ACF18AE022EC7EBF008E7DAA /* PBXContainerItemProxy */;
		};
/* End PBXTargetDependency section */

/* Begin PBXVariantGroup section */
		ACF18AD622EC7EBF008E7DAA /* Main.storyboard */ = {
			isa = PBXVariantGroup;
			children = (
				ACF18AD722EC7EBF008E7DAA /* Base */,
			);
			name = Main.storyboard;
			sourceTree = "<group>";
		};
/* End PBXVariantGroup section */

/* Begin XCBuildConfiguration section */
		5482F42C256E8C3900299548 /* Debug */ = {
			isa = XCBuildConfiguration;
			buildSettings = {
				ASSETCATALOG_COMPILER_APPICON_NAME = AppIcon;
				ASSETCATALOG_COMPILER_GLOBAL_ACCENT_COLOR_NAME = AccentColor;
				CLANG_WARN_QUOTED_INCLUDE_IN_FRAMEWORK_HEADER = YES;
				CODE_SIGN_STYLE = Automatic;
				DEVELOPMENT_ASSET_PATHS = "\"iOS/Preview Content\"";
				DEVELOPMENT_TEAM = FLHXHQP8H4;
				ENABLE_PREVIEWS = YES;
				INFOPLIST_FILE = iOS/Info.plist;
				IPHONEOS_DEPLOYMENT_TARGET = 14.2;
				LD_RUNPATH_SEARCH_PATHS = (
					"$(inherited)",
					"@executable_path/Frameworks",
				);
				PRODUCT_BUNDLE_IDENTIFIER = com.neborosoft.VocalTrainer;
				PRODUCT_NAME = "$(TARGET_NAME)";
				SDKROOT = iphoneos;
				SWIFT_VERSION = 5.0;
				TARGETED_DEVICE_FAMILY = "1,2";
			};
			name = Debug;
		};
		5482F42D256E8C3900299548 /* Release */ = {
			isa = XCBuildConfiguration;
			buildSettings = {
				ASSETCATALOG_COMPILER_APPICON_NAME = AppIcon;
				ASSETCATALOG_COMPILER_GLOBAL_ACCENT_COLOR_NAME = AccentColor;
				CLANG_WARN_QUOTED_INCLUDE_IN_FRAMEWORK_HEADER = YES;
				CODE_SIGN_STYLE = Automatic;
				DEVELOPMENT_ASSET_PATHS = "\"iOS/Preview Content\"";
				DEVELOPMENT_TEAM = FLHXHQP8H4;
				ENABLE_PREVIEWS = YES;
				INFOPLIST_FILE = iOS/Info.plist;
				IPHONEOS_DEPLOYMENT_TARGET = 14.2;
				LD_RUNPATH_SEARCH_PATHS = (
					"$(inherited)",
					"@executable_path/Frameworks",
				);
				PRODUCT_BUNDLE_IDENTIFIER = com.neborosoft.VocalTrainer;
				PRODUCT_NAME = "$(TARGET_NAME)";
				SDKROOT = iphoneos;
				SWIFT_VERSION = 5.0;
				TARGETED_DEVICE_FAMILY = "1,2";
				VALIDATE_PRODUCT = YES;
			};
			name = Release;
		};
		ACF18AE622EC7EBF008E7DAA /* Debug */ = {
			isa = XCBuildConfiguration;
			buildSettings = {
				ALWAYS_SEARCH_USER_PATHS = NO;
				CLANG_ANALYZER_NONNULL = YES;
				CLANG_ANALYZER_NUMBER_OBJECT_CONVERSION = YES_AGGRESSIVE;
				CLANG_CXX_LANGUAGE_STANDARD = "gnu++14";
				CLANG_CXX_LIBRARY = "libc++";
				CLANG_ENABLE_MODULES = YES;
				CLANG_ENABLE_OBJC_ARC = YES;
				CLANG_ENABLE_OBJC_WEAK = YES;
				CLANG_WARN_BLOCK_CAPTURE_AUTORELEASING = YES;
				CLANG_WARN_BOOL_CONVERSION = YES;
				CLANG_WARN_COMMA = YES;
				CLANG_WARN_CONSTANT_CONVERSION = YES;
				CLANG_WARN_DEPRECATED_OBJC_IMPLEMENTATIONS = YES;
				CLANG_WARN_DIRECT_OBJC_ISA_USAGE = YES_ERROR;
				CLANG_WARN_DOCUMENTATION_COMMENTS = YES;
				CLANG_WARN_EMPTY_BODY = YES;
				CLANG_WARN_ENUM_CONVERSION = YES;
				CLANG_WARN_INFINITE_RECURSION = YES;
				CLANG_WARN_INT_CONVERSION = YES;
				CLANG_WARN_NON_LITERAL_NULL_CONVERSION = YES;
				CLANG_WARN_OBJC_IMPLICIT_RETAIN_SELF = YES;
				CLANG_WARN_OBJC_LITERAL_CONVERSION = YES;
				CLANG_WARN_OBJC_ROOT_CLASS = YES_ERROR;
				CLANG_WARN_RANGE_LOOP_ANALYSIS = YES;
				CLANG_WARN_STRICT_PROTOTYPES = YES;
				CLANG_WARN_SUSPICIOUS_MOVE = YES;
				CLANG_WARN_UNGUARDED_AVAILABILITY = YES_AGGRESSIVE;
				CLANG_WARN_UNREACHABLE_CODE = YES;
				CLANG_WARN__DUPLICATE_METHOD_MATCH = YES;
				CODE_SIGN_IDENTITY = "Mac Developer";
				COPY_PHASE_STRIP = NO;
				DEBUG_INFORMATION_FORMAT = dwarf;
				ENABLE_STRICT_OBJC_MSGSEND = YES;
				ENABLE_TESTABILITY = YES;
				GCC_C_LANGUAGE_STANDARD = gnu11;
				GCC_DYNAMIC_NO_PIC = NO;
				GCC_NO_COMMON_BLOCKS = YES;
				GCC_OPTIMIZATION_LEVEL = 0;
				GCC_PREPROCESSOR_DEFINITIONS = (
					"DEBUG=1",
					"$(inherited)",
				);
				GCC_WARN_64_TO_32_BIT_CONVERSION = YES;
				GCC_WARN_ABOUT_RETURN_TYPE = YES_ERROR;
				GCC_WARN_UNDECLARED_SELECTOR = YES;
				GCC_WARN_UNINITIALIZED_AUTOS = YES_AGGRESSIVE;
				GCC_WARN_UNUSED_FUNCTION = YES;
				GCC_WARN_UNUSED_VARIABLE = YES;
				MACOSX_DEPLOYMENT_TARGET = 10.14;
				MTL_ENABLE_DEBUG_INFO = INCLUDE_SOURCE;
				MTL_FAST_MATH = YES;
				ONLY_ACTIVE_ARCH = YES;
				SDKROOT = macosx;
				SWIFT_ACTIVE_COMPILATION_CONDITIONS = DEBUG;
				SWIFT_OPTIMIZATION_LEVEL = "-Onone";
			};
			name = Debug;
		};
		ACF18AE722EC7EBF008E7DAA /* Release */ = {
			isa = XCBuildConfiguration;
			buildSettings = {
				ALWAYS_SEARCH_USER_PATHS = NO;
				CLANG_ANALYZER_NONNULL = YES;
				CLANG_ANALYZER_NUMBER_OBJECT_CONVERSION = YES_AGGRESSIVE;
				CLANG_CXX_LANGUAGE_STANDARD = "gnu++14";
				CLANG_CXX_LIBRARY = "libc++";
				CLANG_ENABLE_MODULES = YES;
				CLANG_ENABLE_OBJC_ARC = YES;
				CLANG_ENABLE_OBJC_WEAK = YES;
				CLANG_WARN_BLOCK_CAPTURE_AUTORELEASING = YES;
				CLANG_WARN_BOOL_CONVERSION = YES;
				CLANG_WARN_COMMA = YES;
				CLANG_WARN_CONSTANT_CONVERSION = YES;
				CLANG_WARN_DEPRECATED_OBJC_IMPLEMENTATIONS = YES;
				CLANG_WARN_DIRECT_OBJC_ISA_USAGE = YES_ERROR;
				CLANG_WARN_DOCUMENTATION_COMMENTS = YES;
				CLANG_WARN_EMPTY_BODY = YES;
				CLANG_WARN_ENUM_CONVERSION = YES;
				CLANG_WARN_INFINITE_RECURSION = YES;
				CLANG_WARN_INT_CONVERSION = YES;
				CLANG_WARN_NON_LITERAL_NULL_CONVERSION = YES;
				CLANG_WARN_OBJC_IMPLICIT_RETAIN_SELF = YES;
				CLANG_WARN_OBJC_LITERAL_CONVERSION = YES;
				CLANG_WARN_OBJC_ROOT_CLASS = YES_ERROR;
				CLANG_WARN_RANGE_LOOP_ANALYSIS = YES;
				CLANG_WARN_STRICT_PROTOTYPES = YES;
				CLANG_WARN_SUSPICIOUS_MOVE = YES;
				CLANG_WARN_UNGUARDED_AVAILABILITY = YES_AGGRESSIVE;
				CLANG_WARN_UNREACHABLE_CODE = YES;
				CLANG_WARN__DUPLICATE_METHOD_MATCH = YES;
				CODE_SIGN_IDENTITY = "Mac Developer";
				COPY_PHASE_STRIP = NO;
				DEBUG_INFORMATION_FORMAT = "dwarf-with-dsym";
				ENABLE_NS_ASSERTIONS = NO;
				ENABLE_STRICT_OBJC_MSGSEND = YES;
				GCC_C_LANGUAGE_STANDARD = gnu11;
				GCC_NO_COMMON_BLOCKS = YES;
				GCC_WARN_64_TO_32_BIT_CONVERSION = YES;
				GCC_WARN_ABOUT_RETURN_TYPE = YES_ERROR;
				GCC_WARN_UNDECLARED_SELECTOR = YES;
				GCC_WARN_UNINITIALIZED_AUTOS = YES_AGGRESSIVE;
				GCC_WARN_UNUSED_FUNCTION = YES;
				GCC_WARN_UNUSED_VARIABLE = YES;
				MACOSX_DEPLOYMENT_TARGET = 10.14;
				MTL_ENABLE_DEBUG_INFO = NO;
				MTL_FAST_MATH = YES;
				SDKROOT = macosx;
				SWIFT_COMPILATION_MODE = wholemodule;
				SWIFT_OPTIMIZATION_LEVEL = "-O";
			};
			name = Release;
		};
		ACF18AE922EC7EBF008E7DAA /* Debug */ = {
			isa = XCBuildConfiguration;
			baseConfigurationReference = CBBB957AD6C6D1C202253CA9 /* Pods-VocalTrainer.debug.xcconfig */;
			buildSettings = {
				ASSETCATALOG_COMPILER_APPICON_NAME = AppIcon;
				CLANG_ALLOW_NON_MODULAR_INCLUDES_IN_FRAMEWORK_MODULES = YES;
				CLANG_CXX_LANGUAGE_STANDARD = "c++17";
				CODE_SIGN_ENTITLEMENTS = "";
				CODE_SIGN_STYLE = Automatic;
				COMBINE_HIDPI_IMAGES = YES;
				DEVELOPMENT_TEAM = FLHXHQP8H4;
				HEADER_SEARCH_PATHS = (
					../include,
					../Logic/CppUtils,
				);
				INFOPLIST_FILE = "$(SRCROOT)/MacOS/Info.plist";
				LD_RUNPATH_SEARCH_PATHS = (
					"$(inherited)",
					"@executable_path/../Frameworks",
				);
				PRODUCT_BUNDLE_IDENTIFIER = Neborosoft.VocalTrainerMacOS;
				PRODUCT_NAME = "$(TARGET_NAME)";
				SWIFT_OBJC_BRIDGING_HEADER = "Shared/Workspace-Bridging-Header.h";
				SWIFT_VERSION = 5.0;
			};
			name = Debug;
		};
		ACF18AEA22EC7EBF008E7DAA /* Release */ = {
			isa = XCBuildConfiguration;
			baseConfigurationReference = 37EB14089B9F185478AB5567 /* Pods-VocalTrainer.release.xcconfig */;
			buildSettings = {
				ASSETCATALOG_COMPILER_APPICON_NAME = AppIcon;
				CLANG_ALLOW_NON_MODULAR_INCLUDES_IN_FRAMEWORK_MODULES = YES;
				CLANG_CXX_LANGUAGE_STANDARD = "c++17";
				CODE_SIGN_ENTITLEMENTS = "";
				CODE_SIGN_STYLE = Automatic;
				COMBINE_HIDPI_IMAGES = YES;
				DEVELOPMENT_TEAM = FLHXHQP8H4;
				HEADER_SEARCH_PATHS = (
					../include,
					../Logic/CppUtils,
				);
				INFOPLIST_FILE = "$(SRCROOT)/MacOS/Info.plist";
				LD_RUNPATH_SEARCH_PATHS = (
					"$(inherited)",
					"@executable_path/../Frameworks",
				);
				PRODUCT_BUNDLE_IDENTIFIER = Neborosoft.VocalTrainerMacOS;
				PRODUCT_NAME = "$(TARGET_NAME)";
				SWIFT_OBJC_BRIDGING_HEADER = "Shared/Workspace-Bridging-Header.h";
				SWIFT_VERSION = 5.0;
			};
			name = Release;
		};
		ACF18AEC22EC7EBF008E7DAA /* Debug */ = {
			isa = XCBuildConfiguration;
			buildSettings = {
				ALWAYS_EMBED_SWIFT_STANDARD_LIBRARIES = YES;
				CODE_SIGN_STYLE = Automatic;
				COMBINE_HIDPI_IMAGES = YES;
				DEVELOPMENT_TEAM = FLHXHQP8H4;
				INFOPLIST_FILE = VocalTrainerMacOSUITests/Info.plist;
				LD_RUNPATH_SEARCH_PATHS = (
					"$(inherited)",
					"@executable_path/../Frameworks",
					"@loader_path/../Frameworks",
				);
				PRODUCT_BUNDLE_IDENTIFIER = Neborosoft.VocalTrainerMacOSUITests;
				PRODUCT_NAME = "$(TARGET_NAME)";
				SWIFT_VERSION = 5.0;
				TEST_TARGET_NAME = VocalTrainerMacOS;
			};
			name = Debug;
		};
		ACF18AED22EC7EBF008E7DAA /* Release */ = {
			isa = XCBuildConfiguration;
			buildSettings = {
				ALWAYS_EMBED_SWIFT_STANDARD_LIBRARIES = YES;
				CODE_SIGN_STYLE = Automatic;
				COMBINE_HIDPI_IMAGES = YES;
				DEVELOPMENT_TEAM = FLHXHQP8H4;
				INFOPLIST_FILE = VocalTrainerMacOSUITests/Info.plist;
				LD_RUNPATH_SEARCH_PATHS = (
					"$(inherited)",
					"@executable_path/../Frameworks",
					"@loader_path/../Frameworks",
				);
				PRODUCT_BUNDLE_IDENTIFIER = Neborosoft.VocalTrainerMacOSUITests;
				PRODUCT_NAME = "$(TARGET_NAME)";
				SWIFT_VERSION = 5.0;
				TEST_TARGET_NAME = VocalTrainerMacOS;
			};
			name = Release;
		};
/* End XCBuildConfiguration section */

/* Begin XCConfigurationList section */
		5482F42B256E8C3900299548 /* Build configuration list for PBXNativeTarget "VocalTraineriOS" */ = {
			isa = XCConfigurationList;
			buildConfigurations = (
				5482F42C256E8C3900299548 /* Debug */,
				5482F42D256E8C3900299548 /* Release */,
			);
			defaultConfigurationIsVisible = 0;
			defaultConfigurationName = Release;
		};
		ACF18AC822EC7EBF008E7DAA /* Build configuration list for PBXProject "VocalTrainer" */ = {
			isa = XCConfigurationList;
			buildConfigurations = (
				ACF18AE622EC7EBF008E7DAA /* Debug */,
				ACF18AE722EC7EBF008E7DAA /* Release */,
			);
			defaultConfigurationIsVisible = 0;
			defaultConfigurationName = Release;
		};
		ACF18AE822EC7EBF008E7DAA /* Build configuration list for PBXNativeTarget "VocalTrainerMacOS" */ = {
			isa = XCConfigurationList;
			buildConfigurations = (
				ACF18AE922EC7EBF008E7DAA /* Debug */,
				ACF18AEA22EC7EBF008E7DAA /* Release */,
			);
			defaultConfigurationIsVisible = 0;
			defaultConfigurationName = Release;
		};
		ACF18AEB22EC7EBF008E7DAA /* Build configuration list for PBXNativeTarget "VocalTrainerUITests" */ = {
			isa = XCConfigurationList;
			buildConfigurations = (
				ACF18AEC22EC7EBF008E7DAA /* Debug */,
				ACF18AED22EC7EBF008E7DAA /* Release */,
			);
			defaultConfigurationIsVisible = 0;
			defaultConfigurationName = Release;
		};
/* End XCConfigurationList section */
	};
	rootObject = ACF18AC522EC7EBF008E7DAA /* Project object */;
}
