// !$*UTF8*$!
{
	archiveVersion = 1;
	classes = {
	};
	objectVersion = 46;
	objects = {

/* Begin PBXBuildFile section */
		71AD21F960126C4D97BF232B /* ProjectViewController.swift in Sources */ = {isa = PBXBuildFile; fileRef = 71AD23AEFEBE5DAEADF8BE3A /* ProjectViewController.swift */; };
		71AD22E3722EB4A4129DE692 /* ProjectWindowController.swift in Sources */ = {isa = PBXBuildFile; fileRef = 71AD2562F1A8E81303808228 /* ProjectWindowController.swift */; };
		71AD2386AA67D7262ADBCAAC /* Main.storyboard in Resources */ = {isa = PBXBuildFile; fileRef = 71AD25475C8D8213A5510060 /* Main.storyboard */; };
		71AD2EB9FEC1A41F8DAF3BEA /* Assets.xcassets in Resources */ = {isa = PBXBuildFile; fileRef = 71AD27EEF9D6AA54FFC4090B /* Assets.xcassets */; };
		71AD2F6193A551A0E9D390E3 /* AppDelegate.swift in Sources */ = {isa = PBXBuildFile; fileRef = 71AD288AD1F267708BAD5670 /* AppDelegate.swift */; };
		F01418141ACC911C92508F3E /* Pods_VocalTrainer.framework in Frameworks */ = {isa = PBXBuildFile; fileRef = A3969259C9DC025A894025C7 /* Pods_VocalTrainer.framework */; };
/* End PBXBuildFile section */

/* Begin PBXFileReference section */
		0E271811A2B80D32AB563BE6 /* Pods-VocalTrainer.debug.xcconfig */ = {isa = PBXFileReference; includeInIndex = 1; lastKnownFileType = text.xcconfig; name = "Pods-VocalTrainer.debug.xcconfig"; path = "Target Support Files/Pods-VocalTrainer/Pods-VocalTrainer.debug.xcconfig"; sourceTree = "<group>"; };
		6CDD6DFD0CEFE840F3430384 /* Pods-VocalTrainer.release.xcconfig */ = {isa = PBXFileReference; includeInIndex = 1; lastKnownFileType = text.xcconfig; name = "Pods-VocalTrainer.release.xcconfig"; path = "Target Support Files/Pods-VocalTrainer/Pods-VocalTrainer.release.xcconfig"; sourceTree = "<group>"; };
		71AD23AEFEBE5DAEADF8BE3A /* ProjectViewController.swift */ = {isa = PBXFileReference; lastKnownFileType = sourcecode.swift; path = ProjectViewController.swift; sourceTree = "<group>"; };
		71AD24FC5E3328192D3F48E2 /* Base */ = {isa = PBXFileReference; lastKnownFileType = file.storyboard; name = Base; path = Base.lproj/Main.storyboard; sourceTree = "<group>"; };
		71AD2562F1A8E81303808228 /* ProjectWindowController.swift */ = {isa = PBXFileReference; fileEncoding = 4; lastKnownFileType = sourcecode.swift; path = ProjectWindowController.swift; sourceTree = "<group>"; };
		71AD26EFA8D68A5B8DE2B6E2 /* VocalTrainer.entitlements */ = {isa = PBXFileReference; lastKnownFileType = text.plist.entitlements; path = VocalTrainer.entitlements; sourceTree = "<group>"; };
		71AD27EEF9D6AA54FFC4090B /* Assets.xcassets */ = {isa = PBXFileReference; lastKnownFileType = folder.assetcatalog; path = Assets.xcassets; sourceTree = "<group>"; };
		71AD288AD1F267708BAD5670 /* AppDelegate.swift */ = {isa = PBXFileReference; lastKnownFileType = sourcecode.swift; path = AppDelegate.swift; sourceTree = "<group>"; };
		71AD299A427985B76FF6FD9B /* Info.plist */ = {isa = PBXFileReference; lastKnownFileType = text.plist.info; path = Info.plist; sourceTree = "<group>"; };
		71AD29D45482343C3ED95A68 /* VocalTrainer.app */ = {isa = PBXFileReference; explicitFileType = wrapper.application; includeInIndex = 0; path = VocalTrainer.app; sourceTree = BUILT_PRODUCTS_DIR; };
		A3969259C9DC025A894025C7 /* Pods_VocalTrainer.framework */ = {isa = PBXFileReference; explicitFileType = wrapper.framework; includeInIndex = 0; path = Pods_VocalTrainer.framework; sourceTree = BUILT_PRODUCTS_DIR; };
/* End PBXFileReference section */

/* Begin PBXFrameworksBuildPhase section */
		71AD2077FDE15A370003D27E /* Frameworks */ = {
			isa = PBXFrameworksBuildPhase;
			buildActionMask = 2147483647;
			files = (
				F01418141ACC911C92508F3E /* Pods_VocalTrainer.framework in Frameworks */,
			);
			runOnlyForDeploymentPostprocessing = 0;
		};
/* End PBXFrameworksBuildPhase section */

/* Begin PBXGroup section */
		1733DA9D45DBB616CC2D64DC /* Frameworks */ = {
			isa = PBXGroup;
			children = (
				A3969259C9DC025A894025C7 /* Pods_VocalTrainer.framework */,
			);
			name = Frameworks;
			sourceTree = "<group>";
		};
		71AD227448862006E790B3EA /* VocalTrainer */ = {
			isa = PBXGroup;
			children = (
				71AD299A427985B76FF6FD9B /* Info.plist */,
				71AD27EEF9D6AA54FFC4090B /* Assets.xcassets */,
				71AD26EFA8D68A5B8DE2B6E2 /* VocalTrainer.entitlements */,
				71AD288AD1F267708BAD5670 /* AppDelegate.swift */,
				71AD25475C8D8213A5510060 /* Main.storyboard */,
				71AD23AEFEBE5DAEADF8BE3A /* ProjectViewController.swift */,
				71AD2562F1A8E81303808228 /* ProjectWindowController.swift */,
			);
			path = VocalTrainer;
			sourceTree = "<group>";
		};
		71AD25F542671B28B2054854 /* Products */ = {
			isa = PBXGroup;
			children = (
				71AD29D45482343C3ED95A68 /* VocalTrainer.app */,
			);
			name = Products;
			sourceTree = "<group>";
		};
		71AD279B8E429213078FDA4F = {
			isa = PBXGroup;
			children = (
				71AD25F542671B28B2054854 /* Products */,
				71AD227448862006E790B3EA /* VocalTrainer */,
				958B9800FFF955EB55A677CA /* Pods */,
				1733DA9D45DBB616CC2D64DC /* Frameworks */,
			);
			sourceTree = "<group>";
		};
		958B9800FFF955EB55A677CA /* Pods */ = {
			isa = PBXGroup;
			children = (
				0E271811A2B80D32AB563BE6 /* Pods-VocalTrainer.debug.xcconfig */,
				6CDD6DFD0CEFE840F3430384 /* Pods-VocalTrainer.release.xcconfig */,
			);
			name = Pods;
			path = Pods;
			sourceTree = "<group>";
		};
/* End PBXGroup section */

/* Begin PBXNativeTarget section */
		71AD268B8140C98259B3449D /* VocalTrainer */ = {
			isa = PBXNativeTarget;
			buildConfigurationList = 71AD24E8EBEC075F5C249EB0 /* Build configuration list for PBXNativeTarget "VocalTrainer" */;
			buildPhases = (
				856A8B03298A0DE25BFEDA5B /* [CP] Check Pods Manifest.lock */,
				71AD226CBD6C48DAEA61BE78 /* Sources */,
				71AD2077FDE15A370003D27E /* Frameworks */,
				71AD2B26CBE76FE3BAC2CF4A /* Resources */,
			);
			buildRules = (
			);
			dependencies = (
			);
			name = VocalTrainer;
			productName = VocalTrainer;
			productReference = 71AD29D45482343C3ED95A68 /* VocalTrainer.app */;
			productType = "com.apple.product-type.application";
		};
/* End PBXNativeTarget section */

/* Begin PBXProject section */
		71AD21682F8C008E9D8D0996 /* Project object */ = {
			isa = PBXProject;
			attributes = {
				ORGANIZATIONNAME = "___FULLUSERNAME___";
			};
			buildConfigurationList = 71AD22DF52264AA11A385D8A /* Build configuration list for PBXProject "VocalTrainer" */;
			compatibilityVersion = "Xcode 3.2";
			developmentRegion = English;
			hasScannedForEncodings = 0;
			knownRegions = (
				English,
				en,
				Base,
			);
			mainGroup = 71AD279B8E429213078FDA4F;
			productRefGroup = 71AD25F542671B28B2054854 /* Products */;
			projectDirPath = "";
			projectRoot = "";
			targets = (
				71AD268B8140C98259B3449D /* VocalTrainer */,
			);
		};
/* End PBXProject section */

/* Begin PBXResourcesBuildPhase section */
		71AD2B26CBE76FE3BAC2CF4A /* Resources */ = {
			isa = PBXResourcesBuildPhase;
			buildActionMask = 2147483647;
			files = (
				71AD2EB9FEC1A41F8DAF3BEA /* Assets.xcassets in Resources */,
				71AD2386AA67D7262ADBCAAC /* Main.storyboard in Resources */,
			);
			runOnlyForDeploymentPostprocessing = 0;
		};
/* End PBXResourcesBuildPhase section */

/* Begin PBXShellScriptBuildPhase section */
		856A8B03298A0DE25BFEDA5B /* [CP] Check Pods Manifest.lock */ = {
			isa = PBXShellScriptBuildPhase;
			buildActionMask = 2147483647;
			files = (
			);
			inputFileListPaths = (
			);
			inputPaths = (
				"${PODS_PODFILE_DIR_PATH}/Podfile.lock",
				"${PODS_ROOT}/Manifest.lock",
			);
			name = "[CP] Check Pods Manifest.lock";
			outputFileListPaths = (
			);
			outputPaths = (
				"$(DERIVED_FILE_DIR)/Pods-VocalTrainer-checkManifestLockResult.txt",
			);
			runOnlyForDeploymentPostprocessing = 0;
			shellPath = /bin/sh;
			shellScript = "diff \"${PODS_PODFILE_DIR_PATH}/Podfile.lock\" \"${PODS_ROOT}/Manifest.lock\" > /dev/null\nif [ $? != 0 ] ; then\n    # print error to STDERR\n    echo \"error: The sandbox is not in sync with the Podfile.lock. Run 'pod install' or update your CocoaPods installation.\" >&2\n    exit 1\nfi\n# This output is used by Xcode 'outputs' to avoid re-running this script phase.\necho \"SUCCESS\" > \"${SCRIPT_OUTPUT_FILE_0}\"\n";
			showEnvVarsInLog = 0;
		};
/* End PBXShellScriptBuildPhase section */

/* Begin PBXSourcesBuildPhase section */
		71AD226CBD6C48DAEA61BE78 /* Sources */ = {
			isa = PBXSourcesBuildPhase;
			buildActionMask = 2147483647;
			files = (
				71AD2F6193A551A0E9D390E3 /* AppDelegate.swift in Sources */,
				71AD21F960126C4D97BF232B /* ProjectViewController.swift in Sources */,
				71AD22E3722EB4A4129DE692 /* ProjectWindowController.swift in Sources */,
			);
			runOnlyForDeploymentPostprocessing = 0;
		};
/* End PBXSourcesBuildPhase section */

/* Begin PBXVariantGroup section */
		71AD25475C8D8213A5510060 /* Main.storyboard */ = {
			isa = PBXVariantGroup;
			children = (
				71AD24FC5E3328192D3F48E2 /* Base */,
			);
			name = Main.storyboard;
			sourceTree = "<group>";
		};
/* End PBXVariantGroup section */

/* Begin XCBuildConfiguration section */
		71AD245119D2BC32DD0520D6 /* Release */ = {
			isa = XCBuildConfiguration;
			buildSettings = {
				ALWAYS_SEARCH_USER_PATHS = NO;
				CLANG_ANALYZER_NONNULL = YES;
				CLANG_ANALYZER_NUMBER_OBJECT_CONVERSION = YES_AGGRESSIVE;
				CLANG_CXX_LANGUAGE_STANDARD = "gnu++14";
				CLANG_CXX_LIBRARY = "libc++";
				CLANG_ENABLE_MODULES = YES;
				CLANG_ENABLE_OBJC_ARC = YES;
				CLANG_ENABLE_OBJC_WEAK = YES;
				CLANG_WARN_BLOCK_CAPTURE_AUTORELEASING = YES;
				CLANG_WARN_BOOL_CONVERSION = YES;
				CLANG_WARN_COMMA = YES;
				CLANG_WARN_CONSTANT_CONVERSION = YES;
				CLANG_WARN_DEPRECATED_OBJC_IMPLEMENTATIONS = YES;
				CLANG_WARN_DIRECT_OBJC_ISA_USAGE = YES_ERROR;
				CLANG_WARN_DOCUMENTATION_COMMENTS = YES;
				CLANG_WARN_EMPTY_BODY = YES;
				CLANG_WARN_ENUM_CONVERSION = YES;
				CLANG_WARN_INFINITE_RECURSION = YES;
				CLANG_WARN_INT_CONVERSION = YES;
				CLANG_WARN_NON_LITERAL_NULL_CONVERSION = YES;
				CLANG_WARN_OBJC_IMPLICIT_RETAIN_SELF = YES;
				CLANG_WARN_OBJC_LITERAL_CONVERSION = YES;
				CLANG_WARN_OBJC_ROOT_CLASS = YES_ERROR;
				CLANG_WARN_RANGE_LOOP_ANALYSIS = YES;
				CLANG_WARN_STRICT_PROTOTYPES = YES;
				CLANG_WARN_SUSPICIOUS_MOVE = YES;
				CLANG_WARN_UNGUARDED_AVAILABILITY = YES_AGGRESSIVE;
				CLANG_WARN_UNREACHABLE_CODE = YES;
				CLANG_WARN__DUPLICATE_METHOD_MATCH = YES;
				CODE_SIGN_IDENTITY = "-";
				COPY_PHASE_STRIP = NO;
				DEBUG_INFORMATION_FORMAT = "dwarf-with-dsym";
				ENABLE_NS_ASSERTIONS = NO;
				ENABLE_STRICT_OBJC_MSGSEND = YES;
				GCC_C_LANGUAGE_STANDARD = gnu11;
				GCC_NO_COMMON_BLOCKS = YES;
				GCC_WARN_64_TO_32_BIT_CONVERSION = YES;
				GCC_WARN_ABOUT_RETURN_TYPE = YES_ERROR;
				GCC_WARN_UNDECLARED_SELECTOR = YES;
				GCC_WARN_UNINITIALIZED_AUTOS = YES_AGGRESSIVE;
				GCC_WARN_UNUSED_FUNCTION = YES;
				GCC_WARN_UNUSED_VARIABLE = YES;
				MACOSX_DEPLOYMENT_TARGET = 10.14;
				MTL_ENABLE_DEBUG_INFO = NO;
				MTL_FAST_MATH = YES;
				SDKROOT = macosx;
				SWIFT_OPTIMIZATION_LEVEL = "-Owholemodule";
			};
			name = Release;
		};
		71AD264F7B9768F383533FC2 /* Release */ = {
			isa = XCBuildConfiguration;
			baseConfigurationReference = 6CDD6DFD0CEFE840F3430384 /* Pods-VocalTrainer.release.xcconfig */;
			buildSettings = {
				ASSETCATALOG_COMPILER_APPICON_NAME = AppIcon;
				CODE_SIGN_ENTITLEMENTS = VocalTrainer/VocalTrainer.entitlements;
				COMBINE_HIDPI_IMAGES = YES;
				INFOPLIST_FILE = VocalTrainer/Info.plist;
				LD_RUNPATH_SEARCH_PATHS = "$(inherited) @executable_path/../Frameworks";
				PRODUCT_BUNDLE_IDENTIFIER = Neborosoft.VocalTrainer;
				PRODUCT_NAME = "$(TARGET_NAME)";
				SWIFT_VERSION = 5.0;
			};
			name = Release;
		};
		71AD2F4AF1672D0AD9194D04 /* Debug */ = {
			isa = XCBuildConfiguration;
			buildSettings = {
				ALWAYS_SEARCH_USER_PATHS = NO;
				CLANG_ANALYZER_NONNULL = YES;
				CLANG_ANALYZER_NUMBER_OBJECT_CONVERSION = YES_AGGRESSIVE;
				CLANG_CXX_LANGUAGE_STANDARD = "gnu++14";
				CLANG_CXX_LIBRARY = "libc++";
				CLANG_ENABLE_MODULES = YES;
				CLANG_ENABLE_OBJC_ARC = YES;
				CLANG_ENABLE_OBJC_WEAK = YES;
				CLANG_WARN_BLOCK_CAPTURE_AUTORELEASING = YES;
				CLANG_WARN_BOOL_CONVERSION = YES;
				CLANG_WARN_COMMA = YES;
				CLANG_WARN_CONSTANT_CONVERSION = YES;
				CLANG_WARN_DEPRECATED_OBJC_IMPLEMENTATIONS = YES;
				CLANG_WARN_DIRECT_OBJC_ISA_USAGE = YES_ERROR;
				CLANG_WARN_DOCUMENTATION_COMMENTS = YES;
				CLANG_WARN_EMPTY_BODY = YES;
				CLANG_WARN_ENUM_CONVERSION = YES;
				CLANG_WARN_INFINITE_RECURSION = YES;
				CLANG_WARN_INT_CONVERSION = YES;
				CLANG_WARN_NON_LITERAL_NULL_CONVERSION = YES;
				CLANG_WARN_OBJC_IMPLICIT_RETAIN_SELF = YES;
				CLANG_WARN_OBJC_LITERAL_CONVERSION = YES;
				CLANG_WARN_OBJC_ROOT_CLASS = YES_ERROR;
				CLANG_WARN_RANGE_LOOP_ANALYSIS = YES;
				CLANG_WARN_STRICT_PROTOTYPES = YES;
				CLANG_WARN_SUSPICIOUS_MOVE = YES;
				CLANG_WARN_UNGUARDED_AVAILABILITY = YES_AGGRESSIVE;
				CLANG_WARN_UNREACHABLE_CODE = YES;
				CLANG_WARN__DUPLICATE_METHOD_MATCH = YES;
				CODE_SIGN_IDENTITY = "-";
				COPY_PHASE_STRIP = NO;
				DEBUG_INFORMATION_FORMAT = dwarf;
				ENABLE_STRICT_OBJC_MSGSEND = YES;
				ENABLE_TESTABILITY = YES;
				GCC_C_LANGUAGE_STANDARD = gnu11;
				GCC_DYNAMIC_NO_PIC = NO;
				GCC_NO_COMMON_BLOCKS = YES;
				GCC_OPTIMIZATION_LEVEL = 0;
				GCC_PREPROCESSOR_DEFINITIONS = (
					"DEBUG=1",
					"$(inherited)",
				);
				GCC_WARN_64_TO_32_BIT_CONVERSION = YES;
				GCC_WARN_ABOUT_RETURN_TYPE = YES_ERROR;
				GCC_WARN_UNDECLARED_SELECTOR = YES;
				GCC_WARN_UNINITIALIZED_AUTOS = YES_AGGRESSIVE;
				GCC_WARN_UNUSED_FUNCTION = YES;
				GCC_WARN_UNUSED_VARIABLE = YES;
				MACOSX_DEPLOYMENT_TARGET = 10.14;
				MTL_ENABLE_DEBUG_INFO = INCLUDE_SOURCE;
				MTL_FAST_MATH = YES;
				ONLY_ACTIVE_ARCH = YES;
				SDKROOT = macosx;
				SWIFT_ACTIVE_COMPILATION_CONDITIONS = DEBUG;
				SWIFT_OPTIMIZATION_LEVEL = "-Onone";
			};
			name = Debug;
		};
		71AD2F851D2D9FE8494157AB /* Debug */ = {
			isa = XCBuildConfiguration;
			baseConfigurationReference = 0E271811A2B80D32AB563BE6 /* Pods-VocalTrainer.debug.xcconfig */;
			buildSettings = {
				ASSETCATALOG_COMPILER_APPICON_NAME = AppIcon;
				CODE_SIGN_ENTITLEMENTS = VocalTrainer/VocalTrainer.entitlements;
				COMBINE_HIDPI_IMAGES = YES;
				INFOPLIST_FILE = VocalTrainer/Info.plist;
				LD_RUNPATH_SEARCH_PATHS = "$(inherited) @executable_path/../Frameworks";
				PRODUCT_BUNDLE_IDENTIFIER = Neborosoft.VocalTrainer;
				PRODUCT_NAME = "$(TARGET_NAME)";
				SWIFT_VERSION = 5.0;
			};
			name = Debug;
		};
/* End XCBuildConfiguration section */

/* Begin XCConfigurationList section */
		71AD22DF52264AA11A385D8A /* Build configuration list for PBXProject "VocalTrainer" */ = {
			isa = XCConfigurationList;
			buildConfigurations = (
				71AD2F4AF1672D0AD9194D04 /* Debug */,
				71AD245119D2BC32DD0520D6 /* Release */,
			);
			defaultConfigurationIsVisible = 0;
			defaultConfigurationName = Release;
		};
		71AD24E8EBEC075F5C249EB0 /* Build configuration list for PBXNativeTarget "VocalTrainer" */ = {
			isa = XCConfigurationList;
			buildConfigurations = (
				71AD2F851D2D9FE8494157AB /* Debug */,
				71AD264F7B9768F383533FC2 /* Release */,
			);
			defaultConfigurationIsVisible = 0;
			defaultConfigurationName = Release;
		};
/* End XCConfigurationList section */
	};
	rootObject = 71AD21682F8C008E9D8D0996 /* Project object */;
}
